// !$*UTF8*$!
{
	archiveVersion = 1;
	classes = {
	};
	objectVersion = 63;
	objects = {

/* Begin PBXBuildFile section */
		2F1AC9DF2B4E840E00C24973 /* MyHeartCounts.docc in Sources */ = {isa = PBXBuildFile; fileRef = 2F1AC9DE2B4E840E00C24973 /* MyHeartCounts.docc */; };
		2F49B7762980407C00BCB272 /* Spezi in Frameworks */ = {isa = PBXBuildFile; productRef = 2F49B7752980407B00BCB272 /* Spezi */; };
		2F4E237E2989A2FE0013F3D9 /* OnboardingTests.swift in Sources */ = {isa = PBXBuildFile; fileRef = 2F4E237D2989A2FE0013F3D9 /* OnboardingTests.swift */; };
		2F4E23832989D51F0013F3D9 /* MyHeartCountsTestingSetup.swift in Sources */ = {isa = PBXBuildFile; fileRef = 2F4E23822989D51F0013F3D9 /* MyHeartCountsTestingSetup.swift */; };
		2F4E23872989DB360013F3D9 /* ContactsTests.swift in Sources */ = {isa = PBXBuildFile; fileRef = 2F4E23862989DB360013F3D9 /* ContactsTests.swift */; };
		2F5E32BD297E05EA003432F8 /* MyHeartCountsDelegate.swift in Sources */ = {isa = PBXBuildFile; fileRef = 2F5E32BC297E05EA003432F8 /* MyHeartCountsDelegate.swift */; };
		2F6025CB29BBE70F0045459E /* GoogleService-Info.plist in Resources */ = {isa = PBXBuildFile; fileRef = 2F6025CA29BBE70F0045459E /* GoogleService-Info.plist */; };
		2F65B44E2A3B8B0600A36932 /* NotificationPermissions.swift in Sources */ = {isa = PBXBuildFile; fileRef = 2F65B44D2A3B8B0600A36932 /* NotificationPermissions.swift */; };
		2FA0BFED2ACC977500E0EF83 /* Localizable.xcstrings in Resources */ = {isa = PBXBuildFile; fileRef = 2FA0BFEC2ACC977500E0EF83 /* Localizable.xcstrings */; };
		2FB099AF2A875DF100B20952 /* FirebaseAuth in Frameworks */ = {isa = PBXBuildFile; productRef = 2FB099AE2A875DF100B20952 /* FirebaseAuth */; };
		2FB099B12A875DF100B20952 /* FirebaseFirestore in Frameworks */ = {isa = PBXBuildFile; productRef = 2FB099B02A875DF100B20952 /* FirebaseFirestore */; };
		2FB099B62A875E2B00B20952 /* HealthKitOnFHIR in Frameworks */ = {isa = PBXBuildFile; productRef = 2FB099B52A875E2B00B20952 /* HealthKitOnFHIR */; };
		2FBD738C2A3BD150004228E7 /* SpeziScheduler in Frameworks */ = {isa = PBXBuildFile; productRef = 2FBD738B2A3BD150004228E7 /* SpeziScheduler */; };
		2FC3439029EE6346002D773C /* SocialSupportQuestionnaire.json in Resources */ = {isa = PBXBuildFile; fileRef = 2FE5DC5529EDD811004B9AB4 /* SocialSupportQuestionnaire.json */; };
		2FC3439129EE6349002D773C /* AppIcon.png in Resources */ = {isa = PBXBuildFile; fileRef = 2FE5DC2A29EDD78D004B9AB4 /* AppIcon.png */; };
		2FC3439229EE634B002D773C /* ConsentDocument.md in Resources */ = {isa = PBXBuildFile; fileRef = 2FE5DC2C29EDD78E004B9AB4 /* ConsentDocument.md */; };
		2FE5DC2629EDD38A004B9AB4 /* Contacts.swift in Sources */ = {isa = PBXBuildFile; fileRef = 2FE5DC2529EDD38A004B9AB4 /* Contacts.swift */; };
		2FE5DC3529EDD7CA004B9AB4 /* Consent.swift in Sources */ = {isa = PBXBuildFile; fileRef = 2FE5DC2F29EDD7CA004B9AB4 /* Consent.swift */; };
		2FE5DC3629EDD7CA004B9AB4 /* HealthKitPermissions.swift in Sources */ = {isa = PBXBuildFile; fileRef = 2FE5DC3029EDD7CA004B9AB4 /* HealthKitPermissions.swift */; };
		2FE5DC3729EDD7CA004B9AB4 /* AppOnboardingFlow.swift in Sources */ = {isa = PBXBuildFile; fileRef = 2FE5DC3129EDD7CA004B9AB4 /* AppOnboardingFlow.swift */; };
		2FE5DC3A29EDD7CA004B9AB4 /* Welcome.swift in Sources */ = {isa = PBXBuildFile; fileRef = 2FE5DC3429EDD7CA004B9AB4 /* Welcome.swift */; };
		2FE5DC4029EDD7EE004B9AB4 /* FeatureFlags.swift in Sources */ = {isa = PBXBuildFile; fileRef = 2FE5DC3E29EDD7ED004B9AB4 /* FeatureFlags.swift */; };
		2FE5DC4129EDD7EE004B9AB4 /* StorageKeys.swift in Sources */ = {isa = PBXBuildFile; fileRef = 2FE5DC3F29EDD7EE004B9AB4 /* StorageKeys.swift */; };
		2FE5DC4E29EDD7FA004B9AB4 /* ScheduleView.swift in Sources */ = {isa = PBXBuildFile; fileRef = 2FE5DC4829EDD7FA004B9AB4 /* ScheduleView.swift */; };
		2FE5DC5229EDD7FA004B9AB4 /* MyHeartCountsScheduler.swift in Sources */ = {isa = PBXBuildFile; fileRef = 2FE5DC4C29EDD7FA004B9AB4 /* MyHeartCountsScheduler.swift */; };
		2FE5DC5329EDD7FA004B9AB4 /* Bundle+Questionnaire.swift in Sources */ = {isa = PBXBuildFile; fileRef = 2FE5DC4D29EDD7FA004B9AB4 /* Bundle+Questionnaire.swift */; };
		2FE5DC6429EDD883004B9AB4 /* SpeziAccount in Frameworks */ = {isa = PBXBuildFile; productRef = 2FE5DC6329EDD883004B9AB4 /* SpeziAccount */; };
		2FE5DC6729EDD894004B9AB4 /* SpeziContact in Frameworks */ = {isa = PBXBuildFile; productRef = 2FE5DC6629EDD894004B9AB4 /* SpeziContact */; };
		2FE5DC7529EDD8E6004B9AB4 /* SpeziFirebaseAccount in Frameworks */ = {isa = PBXBuildFile; productRef = 2FE5DC7429EDD8E6004B9AB4 /* SpeziFirebaseAccount */; };
		2FE5DC7729EDD8E6004B9AB4 /* SpeziFirebaseConfiguration in Frameworks */ = {isa = PBXBuildFile; productRef = 2FE5DC7629EDD8E6004B9AB4 /* SpeziFirebaseConfiguration */; };
		2FE5DC7929EDD8E6004B9AB4 /* SpeziFirestore in Frameworks */ = {isa = PBXBuildFile; productRef = 2FE5DC7829EDD8E6004B9AB4 /* SpeziFirestore */; };
		2FE5DC8429EDD934004B9AB4 /* SpeziQuestionnaire in Frameworks */ = {isa = PBXBuildFile; productRef = 2FE5DC8329EDD934004B9AB4 /* SpeziQuestionnaire */; };
		2FE5DC8A29EDD972004B9AB4 /* SpeziLocalStorage in Frameworks */ = {isa = PBXBuildFile; productRef = 2FE5DC8929EDD972004B9AB4 /* SpeziLocalStorage */; };
		2FE5DC8F29EDD980004B9AB4 /* SpeziViews in Frameworks */ = {isa = PBXBuildFile; productRef = 2FE5DC8E29EDD980004B9AB4 /* SpeziViews */; };
		2FE5DC9929EDD9D9004B9AB4 /* XCTestExtensions in Frameworks */ = {isa = PBXBuildFile; productRef = 2FE5DC9829EDD9D9004B9AB4 /* XCTestExtensions */; };
		2FE5DC9C29EDD9EF004B9AB4 /* XCTHealthKit in Frameworks */ = {isa = PBXBuildFile; productRef = 2FE5DC9B29EDD9EF004B9AB4 /* XCTHealthKit */; };
		2FE5DCB129EE6107004B9AB4 /* AccountOnboarding.swift in Sources */ = {isa = PBXBuildFile; fileRef = 2FE5DCAC29EE6107004B9AB4 /* AccountOnboarding.swift */; };
		2FF53D8D2A8729D600042B76 /* MyHeartCountsStandard.swift in Sources */ = {isa = PBXBuildFile; fileRef = 2FF53D8C2A8729D600042B76 /* MyHeartCountsStandard.swift */; };
		5680DD3E2AB8CD84004E6D4A /* ContributionsTest.swift in Sources */ = {isa = PBXBuildFile; fileRef = 5680DD3D2AB8CD84004E6D4A /* ContributionsTest.swift */; };
		56E708352BB06B7100B08F0A /* SpeziLicense in Frameworks */ = {isa = PBXBuildFile; productRef = 56E708342BB06B7100B08F0A /* SpeziLicense */; };
		56E7083B2BB06F6F00B08F0A /* SwiftPackageList in Frameworks */ = {isa = PBXBuildFile; productRef = 56E7083A2BB06F6F00B08F0A /* SwiftPackageList */; };
		653A2551283387FE005D4D48 /* MyHeartCounts.swift in Sources */ = {isa = PBXBuildFile; fileRef = 653A2550283387FE005D4D48 /* MyHeartCounts.swift */; };
		653A255528338800005D4D48 /* Assets.xcassets in Resources */ = {isa = PBXBuildFile; fileRef = 653A255428338800005D4D48 /* Assets.xcassets */; };
		653A256228338800005D4D48 /* MyHeartCountsTests.swift in Sources */ = {isa = PBXBuildFile; fileRef = 653A256128338800005D4D48 /* MyHeartCountsTests.swift */; };
		653A256C28338800005D4D48 /* SchedulerTests.swift in Sources */ = {isa = PBXBuildFile; fileRef = 653A256B28338800005D4D48 /* SchedulerTests.swift */; };
		8004CE412D75BCAA00CC3008 /* SpeziOnboarding in Frameworks */ = {isa = PBXBuildFile; productRef = 8004CE402D75BCAA00CC3008 /* SpeziOnboarding */; };
		8004CE442D75BCBE00CC3008 /* SpeziStudy in Frameworks */ = {isa = PBXBuildFile; productRef = 8004CE432D75BCBE00CC3008 /* SpeziStudy */; };
		80270CFB2D67F68F0022251E /* SpeziStudy in Frameworks */ = {isa = PBXBuildFile; productRef = 80270CFA2D67F68F0022251E /* SpeziStudy */; };
		803166A32D75DE6100E9173B /* SpeziOnboarding in Frameworks */ = {isa = PBXBuildFile; productRef = 803166A22D75DE6100E9173B /* SpeziOnboarding */; };
		803166A62D75DE7700E9173B /* SpeziScheduler in Frameworks */ = {isa = PBXBuildFile; productRef = 803166A52D75DE7700E9173B /* SpeziScheduler */; };
		803166A82D75DE7700E9173B /* SpeziSchedulerUI in Frameworks */ = {isa = PBXBuildFile; productRef = 803166A72D75DE7700E9173B /* SpeziSchedulerUI */; };
		803166AB2D75DE8B00E9173B /* SpeziStudy in Frameworks */ = {isa = PBXBuildFile; productRef = 803166AA2D75DE8B00E9173B /* SpeziStudy */; };
		803166B72D75E22E00E9173B /* SpeziHealthKit in Frameworks */ = {isa = PBXBuildFile; productRef = 803166B62D75E22E00E9173B /* SpeziHealthKit */; };
		803166B92D75E22E00E9173B /* SpeziHealthKitUI in Frameworks */ = {isa = PBXBuildFile; productRef = 803166B82D75E22E00E9173B /* SpeziHealthKitUI */; };
		803241D52D7B53C800F7DE8B /* Utils.swift in Sources */ = {isa = PBXBuildFile; fileRef = 803241D42D7B53C800F7DE8B /* Utils.swift */; };
		803241E02D7B599300F7DE8B /* SpeziScheduler in Frameworks */ = {isa = PBXBuildFile; productRef = 803241DF2D7B599300F7DE8B /* SpeziScheduler */; };
		803241E22D7B599300F7DE8B /* SpeziSchedulerUI in Frameworks */ = {isa = PBXBuildFile; productRef = 803241E12D7B599300F7DE8B /* SpeziSchedulerUI */; };
		803241EA2D7B5D5600F7DE8B /* SpeziHealthKit in Frameworks */ = {isa = PBXBuildFile; productRef = 803241E92D7B5D5600F7DE8B /* SpeziHealthKit */; };
		803241EC2D7B5D5600F7DE8B /* SpeziHealthKitUI in Frameworks */ = {isa = PBXBuildFile; productRef = 803241EB2D7B5D5600F7DE8B /* SpeziHealthKitUI */; };
		803EAC1B2D67AB5300DA6E62 /* SpeziHealthKit in Frameworks */ = {isa = PBXBuildFile; productRef = 803EAC1A2D67AB5300DA6E62 /* SpeziHealthKit */; };
		803EAC1D2D67AB5300DA6E62 /* SpeziHealthKitUI in Frameworks */ = {isa = PBXBuildFile; productRef = 803EAC1C2D67AB5300DA6E62 /* SpeziHealthKitUI */; };
		8055F2152D7B5F7900CD7884 /* SpeziOnboarding in Frameworks */ = {isa = PBXBuildFile; productRef = 8055F2142D7B5F7900CD7884 /* SpeziOnboarding */; };
		8055F2212D7C489F00CD7884 /* LocaleUtils.swift in Sources */ = {isa = PBXBuildFile; fileRef = 8055F2202D7C489F00CD7884 /* LocaleUtils.swift */; };
		805BAA182D79F5E800115B39 /* ScreeningStep.swift in Sources */ = {isa = PBXBuildFile; fileRef = 805BAA172D79F5E800115B39 /* ScreeningStep.swift */; };
		805BAA382D7A0A0200115B39 /* HeartHealthDashboardTab.swift in Sources */ = {isa = PBXBuildFile; fileRef = 805BAA372D7A0A0200115B39 /* HeartHealthDashboardTab.swift */; };
		805BAA422D7A283E00115B39 /* BetaDisclaimer.swift in Sources */ = {isa = PBXBuildFile; fileRef = 805BAA412D7A283E00115B39 /* BetaDisclaimer.swift */; };
		805BAA892D7A497900115B39 /* DisclosureIndicator.swift in Sources */ = {isa = PBXBuildFile; fileRef = 805BAA882D7A497900115B39 /* DisclosureIndicator.swift */; };
		805BAAC02D7AF84F00115B39 /* ListSelectionSheet.swift in Sources */ = {isa = PBXBuildFile; fileRef = 805BAABF2D7AF84F00115B39 /* ListSelectionSheet.swift */; };
		806A166D2D7B5F2F0085452E /* SpeziStudy in Frameworks */ = {isa = PBXBuildFile; productRef = 806A166C2D7B5F2F0085452E /* SpeziStudy */; };
		807669672D7725CD001B980B /* ParticipantScreening.swift in Sources */ = {isa = PBXBuildFile; fileRef = 807669662D7725CD001B980B /* ParticipantScreening.swift */; };
		8076696E2D772C07001B980B /* Algorithms in Frameworks */ = {isa = PBXBuildFile; productRef = 8076696D2D772C07001B980B /* Algorithms */; };
		807669712D772C40001B980B /* BitCollections in Frameworks */ = {isa = PBXBuildFile; productRef = 807669702D772C40001B980B /* BitCollections */; };
		807669732D772C40001B980B /* Collections in Frameworks */ = {isa = PBXBuildFile; productRef = 807669722D772C40001B980B /* Collections */; };
		807669752D772C40001B980B /* DequeModule in Frameworks */ = {isa = PBXBuildFile; productRef = 807669742D772C40001B980B /* DequeModule */; };
		807669772D772C40001B980B /* HashTreeCollections in Frameworks */ = {isa = PBXBuildFile; productRef = 807669762D772C40001B980B /* HashTreeCollections */; };
		807669792D772C40001B980B /* HeapModule in Frameworks */ = {isa = PBXBuildFile; productRef = 807669782D772C40001B980B /* HeapModule */; };
		807669852D77317B001B980B /* RegionCheck.swift in Sources */ = {isa = PBXBuildFile; fileRef = 807669842D77317B001B980B /* RegionCheck.swift */; };
		807669B62D775046001B980B /* LanguageCheck.swift in Sources */ = {isa = PBXBuildFile; fileRef = 807669B52D775046001B980B /* LanguageCheck.swift */; };
		807F99E12D6D39E800C747D0 /* OnboardingUtils.swift in Sources */ = {isa = PBXBuildFile; fileRef = 807F99E02D6D39DF00C747D0 /* OnboardingUtils.swift */; };
		808600102D750E5F0044A054 /* RootView.swift in Sources */ = {isa = PBXBuildFile; fileRef = 8086000F2D750E5F0044A054 /* RootView.swift */; };
		808600182D7510920044A054 /* HomeTabView.swift in Sources */ = {isa = PBXBuildFile; fileRef = 808600172D7510920044A054 /* HomeTabView.swift */; };
		8086001D2D75133B0044A054 /* SFSafeSymbols in Frameworks */ = {isa = PBXBuildFile; productRef = 8086001C2D75133B0044A054 /* SFSafeSymbols */; };
		808600302D751EFA0044A054 /* FHIR+Utils.swift in Sources */ = {isa = PBXBuildFile; fileRef = 8086002F2D751EFA0044A054 /* FHIR+Utils.swift */; };
		808A7BB92D78906B0014D0E1 /* RootViewTab.swift in Sources */ = {isa = PBXBuildFile; fileRef = 808A7BB82D78906B0014D0E1 /* RootViewTab.swift */; };
		808A7BC52D789C980014D0E1 /* NewsTabView.swift in Sources */ = {isa = PBXBuildFile; fileRef = 808A7BC42D789C980014D0E1 /* NewsTabView.swift */; };
		808A7BE02D78DD450014D0E1 /* RelativeTimeLabel.swift in Sources */ = {isa = PBXBuildFile; fileRef = 808A7BDF2D78DD450014D0E1 /* RelativeTimeLabel.swift */; };
		80C7B86C2D67D76B0016BCAF /* SpeziOnboarding in Frameworks */ = {isa = PBXBuildFile; productRef = 80C7B86B2D67D76B0016BCAF /* SpeziOnboarding */; };
		80D612F02D67A5D200FAE750 /* SpeziKeychainStorage in Frameworks */ = {isa = PBXBuildFile; productRef = 80D612EF2D67A5D200FAE750 /* SpeziKeychainStorage */; };
		80D612F92D67A88600FAE750 /* AgeCheck.swift in Sources */ = {isa = PBXBuildFile; fileRef = 80D612F82D67A88600FAE750 /* AgeCheck.swift */; };
		80EF164D2D67F44E00B894D1 /* MockStudy.swift in Sources */ = {isa = PBXBuildFile; fileRef = 80EF164C2D67F44E00B894D1 /* MockStudy.swift */; };
		9739A0C62AD7B5730084BEA5 /* FirebaseStorage in Frameworks */ = {isa = PBXBuildFile; productRef = 9739A0C52AD7B5730084BEA5 /* FirebaseStorage */; };
		97D73D6A2AD860AD00B47FA0 /* SpeziFirebaseStorage in Frameworks */ = {isa = PBXBuildFile; productRef = 97D73D692AD860AD00B47FA0 /* SpeziFirebaseStorage */; };
		A94DDFFD2CBD1190004930BD /* SpeziNotifications in Frameworks */ = {isa = PBXBuildFile; productRef = A94DDFFC2CBD1190004930BD /* SpeziNotifications */; };
		A9720E432ABB68CC00872D23 /* AccountSetupHeader.swift in Sources */ = {isa = PBXBuildFile; fileRef = A9720E422ABB68CC00872D23 /* AccountSetupHeader.swift */; };
		A98FF2B12CD131F500DFC949 /* EventView.swift in Sources */ = {isa = PBXBuildFile; fileRef = A98FF2B02CD131F500DFC949 /* EventView.swift */; };
		A994264E2CD25EB3002F8BD5 /* XCTSpeziAccount in Frameworks */ = {isa = PBXBuildFile; productRef = A994264D2CD25EB3002F8BD5 /* XCTSpeziAccount */; };
		A9947BF42CC142BD0068AA8A /* XCTSpeziNotifications in Frameworks */ = {isa = PBXBuildFile; productRef = A9947BF32CC142BD0068AA8A /* XCTSpeziNotifications */; };
		A9A3DCC82C75CBBD00FC9B69 /* FirebaseConfiguration.swift in Sources */ = {isa = PBXBuildFile; fileRef = A9A3DCC72C75CB9A00FC9B69 /* FirebaseConfiguration.swift */; };
		A9D83F962B083794000D0C78 /* SpeziFirebaseAccountStorage in Frameworks */ = {isa = PBXBuildFile; productRef = A9D83F952B083794000D0C78 /* SpeziFirebaseAccountStorage */; };
		A9DFE8A92ABE551400428242 /* AccountButton.swift in Sources */ = {isa = PBXBuildFile; fileRef = A9DFE8A82ABE551400428242 /* AccountButton.swift */; };
		A9FE7AD02AA39BAB0077B045 /* AccountSheet.swift in Sources */ = {isa = PBXBuildFile; fileRef = A9FE7ACF2AA39BAB0077B045 /* AccountSheet.swift */; };
/* End PBXBuildFile section */

/* Begin PBXContainerItemProxy section */
		653A255E28338800005D4D48 /* PBXContainerItemProxy */ = {
			isa = PBXContainerItemProxy;
			containerPortal = 653A2545283387FE005D4D48 /* Project object */;
			proxyType = 1;
			remoteGlobalIDString = 653A254C283387FE005D4D48;
			remoteInfo = MyHeartCounts;
		};
		653A256828338800005D4D48 /* PBXContainerItemProxy */ = {
			isa = PBXContainerItemProxy;
			containerPortal = 653A2545283387FE005D4D48 /* Project object */;
			proxyType = 1;
			remoteGlobalIDString = 653A254C283387FE005D4D48;
			remoteInfo = MyHeartCounts;
		};
/* End PBXContainerItemProxy section */

/* Begin PBXFileReference section */
		2F1AC9DE2B4E840E00C24973 /* MyHeartCounts.docc */ = {isa = PBXFileReference; lastKnownFileType = folder.documentationcatalog; path = MyHeartCounts.docc; sourceTree = "<group>"; };
		2F4E237D2989A2FE0013F3D9 /* OnboardingTests.swift */ = {isa = PBXFileReference; lastKnownFileType = sourcecode.swift; path = OnboardingTests.swift; sourceTree = "<group>"; };
		2F4E23822989D51F0013F3D9 /* MyHeartCountsTestingSetup.swift */ = {isa = PBXFileReference; lastKnownFileType = sourcecode.swift; path = MyHeartCountsTestingSetup.swift; sourceTree = "<group>"; };
		2F4E23862989DB360013F3D9 /* ContactsTests.swift */ = {isa = PBXFileReference; lastKnownFileType = sourcecode.swift; path = ContactsTests.swift; sourceTree = "<group>"; };
		2F5E32BC297E05EA003432F8 /* MyHeartCountsDelegate.swift */ = {isa = PBXFileReference; lastKnownFileType = sourcecode.swift; path = MyHeartCountsDelegate.swift; sourceTree = "<group>"; };
		2F6025CA29BBE70F0045459E /* GoogleService-Info.plist */ = {isa = PBXFileReference; fileEncoding = 4; lastKnownFileType = text.plist.xml; path = "GoogleService-Info.plist"; sourceTree = "<group>"; };
		2F65B44D2A3B8B0600A36932 /* NotificationPermissions.swift */ = {isa = PBXFileReference; lastKnownFileType = sourcecode.swift; path = NotificationPermissions.swift; sourceTree = "<group>"; };
		2FA0BFEC2ACC977500E0EF83 /* Localizable.xcstrings */ = {isa = PBXFileReference; lastKnownFileType = text.json.xcstrings; path = Localizable.xcstrings; sourceTree = "<group>"; };
		2FAEC07F297F583900C11C42 /* MyHeartCounts.entitlements */ = {isa = PBXFileReference; lastKnownFileType = text.plist.entitlements; path = MyHeartCounts.entitlements; sourceTree = "<group>"; };
		2FC94CD4298B0A1D009C8209 /* MyHeartCounts.xctestplan */ = {isa = PBXFileReference; lastKnownFileType = text; path = MyHeartCounts.xctestplan; sourceTree = "<group>"; };
		2FE5DC2529EDD38A004B9AB4 /* Contacts.swift */ = {isa = PBXFileReference; lastKnownFileType = sourcecode.swift; path = Contacts.swift; sourceTree = "<group>"; };
		2FE5DC2A29EDD78D004B9AB4 /* AppIcon.png */ = {isa = PBXFileReference; lastKnownFileType = image.png; path = AppIcon.png; sourceTree = "<group>"; };
		2FE5DC2C29EDD78E004B9AB4 /* ConsentDocument.md */ = {isa = PBXFileReference; lastKnownFileType = net.daringfireball.markdown; path = ConsentDocument.md; sourceTree = "<group>"; };
		2FE5DC2F29EDD7CA004B9AB4 /* Consent.swift */ = {isa = PBXFileReference; fileEncoding = 4; lastKnownFileType = sourcecode.swift; path = Consent.swift; sourceTree = "<group>"; };
		2FE5DC3029EDD7CA004B9AB4 /* HealthKitPermissions.swift */ = {isa = PBXFileReference; fileEncoding = 4; lastKnownFileType = sourcecode.swift; path = HealthKitPermissions.swift; sourceTree = "<group>"; };
		2FE5DC3129EDD7CA004B9AB4 /* AppOnboardingFlow.swift */ = {isa = PBXFileReference; fileEncoding = 4; lastKnownFileType = sourcecode.swift; path = AppOnboardingFlow.swift; sourceTree = "<group>"; };
		2FE5DC3429EDD7CA004B9AB4 /* Welcome.swift */ = {isa = PBXFileReference; fileEncoding = 4; lastKnownFileType = sourcecode.swift; path = Welcome.swift; sourceTree = "<group>"; };
		2FE5DC3E29EDD7ED004B9AB4 /* FeatureFlags.swift */ = {isa = PBXFileReference; fileEncoding = 4; lastKnownFileType = sourcecode.swift; path = FeatureFlags.swift; sourceTree = "<group>"; };
		2FE5DC3F29EDD7EE004B9AB4 /* StorageKeys.swift */ = {isa = PBXFileReference; fileEncoding = 4; lastKnownFileType = sourcecode.swift; path = StorageKeys.swift; sourceTree = "<group>"; };
		2FE5DC4829EDD7FA004B9AB4 /* ScheduleView.swift */ = {isa = PBXFileReference; fileEncoding = 4; lastKnownFileType = sourcecode.swift; path = ScheduleView.swift; sourceTree = "<group>"; };
		2FE5DC4C29EDD7FA004B9AB4 /* MyHeartCountsScheduler.swift */ = {isa = PBXFileReference; fileEncoding = 4; lastKnownFileType = sourcecode.swift; path = MyHeartCountsScheduler.swift; sourceTree = "<group>"; };
		2FE5DC4D29EDD7FA004B9AB4 /* Bundle+Questionnaire.swift */ = {isa = PBXFileReference; fileEncoding = 4; lastKnownFileType = sourcecode.swift; path = "Bundle+Questionnaire.swift"; sourceTree = "<group>"; };
		2FE5DC5529EDD811004B9AB4 /* SocialSupportQuestionnaire.json */ = {isa = PBXFileReference; lastKnownFileType = text.json; path = SocialSupportQuestionnaire.json; sourceTree = "<group>"; };
		2FE5DCAC29EE6107004B9AB4 /* AccountOnboarding.swift */ = {isa = PBXFileReference; fileEncoding = 4; lastKnownFileType = sourcecode.swift; path = AccountOnboarding.swift; sourceTree = "<group>"; };
		2FF53D8C2A8729D600042B76 /* MyHeartCountsStandard.swift */ = {isa = PBXFileReference; fileEncoding = 4; lastKnownFileType = sourcecode.swift; path = MyHeartCountsStandard.swift; sourceTree = "<group>"; };
		5680DD3D2AB8CD84004E6D4A /* ContributionsTest.swift */ = {isa = PBXFileReference; lastKnownFileType = sourcecode.swift; path = ContributionsTest.swift; sourceTree = "<group>"; };
		653A254D283387FE005D4D48 /* MyHeartCounts.app */ = {isa = PBXFileReference; explicitFileType = wrapper.application; includeInIndex = 0; path = MyHeartCounts.app; sourceTree = BUILT_PRODUCTS_DIR; };
		653A2550283387FE005D4D48 /* MyHeartCounts.swift */ = {isa = PBXFileReference; lastKnownFileType = sourcecode.swift; path = MyHeartCounts.swift; sourceTree = "<group>"; };
		653A255428338800005D4D48 /* Assets.xcassets */ = {isa = PBXFileReference; lastKnownFileType = folder.assetcatalog; path = Assets.xcassets; sourceTree = "<group>"; };
		653A255D28338800005D4D48 /* MyHeartCountsTests.xctest */ = {isa = PBXFileReference; explicitFileType = wrapper.cfbundle; includeInIndex = 0; path = MyHeartCountsTests.xctest; sourceTree = BUILT_PRODUCTS_DIR; };
		653A256128338800005D4D48 /* MyHeartCountsTests.swift */ = {isa = PBXFileReference; lastKnownFileType = sourcecode.swift; path = MyHeartCountsTests.swift; sourceTree = "<group>"; };
		653A256728338800005D4D48 /* MyHeartCountsUITests.xctest */ = {isa = PBXFileReference; explicitFileType = wrapper.cfbundle; includeInIndex = 0; path = MyHeartCountsUITests.xctest; sourceTree = BUILT_PRODUCTS_DIR; };
		653A256B28338800005D4D48 /* SchedulerTests.swift */ = {isa = PBXFileReference; lastKnownFileType = sourcecode.swift; path = SchedulerTests.swift; sourceTree = "<group>"; };
		653A258928339462005D4D48 /* Info.plist */ = {isa = PBXFileReference; lastKnownFileType = text.plist.xml; path = Info.plist; sourceTree = "<group>"; };
		803241D42D7B53C800F7DE8B /* Utils.swift */ = {isa = PBXFileReference; lastKnownFileType = sourcecode.swift; path = Utils.swift; sourceTree = "<group>"; };
		8055F2202D7C489F00CD7884 /* LocaleUtils.swift */ = {isa = PBXFileReference; lastKnownFileType = sourcecode.swift; path = LocaleUtils.swift; sourceTree = "<group>"; };
		805BAA172D79F5E800115B39 /* ScreeningStep.swift */ = {isa = PBXFileReference; lastKnownFileType = sourcecode.swift; path = ScreeningStep.swift; sourceTree = "<group>"; };
		805BAA372D7A0A0200115B39 /* HeartHealthDashboardTab.swift */ = {isa = PBXFileReference; lastKnownFileType = sourcecode.swift; path = HeartHealthDashboardTab.swift; sourceTree = "<group>"; };
		805BAA412D7A283E00115B39 /* BetaDisclaimer.swift */ = {isa = PBXFileReference; lastKnownFileType = sourcecode.swift; path = BetaDisclaimer.swift; sourceTree = "<group>"; };
		805BAA882D7A497900115B39 /* DisclosureIndicator.swift */ = {isa = PBXFileReference; lastKnownFileType = sourcecode.swift; path = DisclosureIndicator.swift; sourceTree = "<group>"; };
		805BAABF2D7AF84F00115B39 /* ListSelectionSheet.swift */ = {isa = PBXFileReference; lastKnownFileType = sourcecode.swift; path = ListSelectionSheet.swift; sourceTree = "<group>"; };
		807669662D7725CD001B980B /* ParticipantScreening.swift */ = {isa = PBXFileReference; lastKnownFileType = sourcecode.swift; path = ParticipantScreening.swift; sourceTree = "<group>"; };
		807669842D77317B001B980B /* RegionCheck.swift */ = {isa = PBXFileReference; lastKnownFileType = sourcecode.swift; path = RegionCheck.swift; sourceTree = "<group>"; };
		807669B52D775046001B980B /* LanguageCheck.swift */ = {isa = PBXFileReference; lastKnownFileType = sourcecode.swift; path = LanguageCheck.swift; sourceTree = "<group>"; };
		807F99E02D6D39DF00C747D0 /* OnboardingUtils.swift */ = {isa = PBXFileReference; lastKnownFileType = sourcecode.swift; path = OnboardingUtils.swift; sourceTree = "<group>"; };
		8086000F2D750E5F0044A054 /* RootView.swift */ = {isa = PBXFileReference; lastKnownFileType = sourcecode.swift; path = RootView.swift; sourceTree = "<group>"; };
		808600172D7510920044A054 /* HomeTabView.swift */ = {isa = PBXFileReference; lastKnownFileType = sourcecode.swift; path = HomeTabView.swift; sourceTree = "<group>"; };
		8086002F2D751EFA0044A054 /* FHIR+Utils.swift */ = {isa = PBXFileReference; lastKnownFileType = sourcecode.swift; path = "FHIR+Utils.swift"; sourceTree = "<group>"; };
		808A7BB82D78906B0014D0E1 /* RootViewTab.swift */ = {isa = PBXFileReference; lastKnownFileType = sourcecode.swift; path = RootViewTab.swift; sourceTree = "<group>"; };
		808A7BC42D789C980014D0E1 /* NewsTabView.swift */ = {isa = PBXFileReference; lastKnownFileType = sourcecode.swift; path = NewsTabView.swift; sourceTree = "<group>"; };
		808A7BDF2D78DD450014D0E1 /* RelativeTimeLabel.swift */ = {isa = PBXFileReference; lastKnownFileType = sourcecode.swift; path = RelativeTimeLabel.swift; sourceTree = "<group>"; };
		80D612F82D67A88600FAE750 /* AgeCheck.swift */ = {isa = PBXFileReference; lastKnownFileType = sourcecode.swift; path = AgeCheck.swift; sourceTree = "<group>"; };
		80EF164C2D67F44E00B894D1 /* MockStudy.swift */ = {isa = PBXFileReference; lastKnownFileType = sourcecode.swift; path = MockStudy.swift; sourceTree = "<group>"; };
		A9720E422ABB68CC00872D23 /* AccountSetupHeader.swift */ = {isa = PBXFileReference; lastKnownFileType = sourcecode.swift; path = AccountSetupHeader.swift; sourceTree = "<group>"; };
		A98FF2B02CD131F500DFC949 /* EventView.swift */ = {isa = PBXFileReference; lastKnownFileType = sourcecode.swift; path = EventView.swift; sourceTree = "<group>"; };
		A9A3DCC72C75CB9A00FC9B69 /* FirebaseConfiguration.swift */ = {isa = PBXFileReference; lastKnownFileType = sourcecode.swift; path = FirebaseConfiguration.swift; sourceTree = "<group>"; };
		A9DFE8A82ABE551400428242 /* AccountButton.swift */ = {isa = PBXFileReference; lastKnownFileType = sourcecode.swift; path = AccountButton.swift; sourceTree = "<group>"; };
		A9FE7ACF2AA39BAB0077B045 /* AccountSheet.swift */ = {isa = PBXFileReference; lastKnownFileType = sourcecode.swift; path = AccountSheet.swift; sourceTree = "<group>"; };
/* End PBXFileReference section */

/* Begin PBXFrameworksBuildPhase section */
		653A254A283387FE005D4D48 /* Frameworks */ = {
			isa = PBXFrameworksBuildPhase;
			buildActionMask = 2147483647;
			files = (
				8086001D2D75133B0044A054 /* SFSafeSymbols in Frameworks */,
				2FE5DC6429EDD883004B9AB4 /* SpeziAccount in Frameworks */,
				803EAC1D2D67AB5300DA6E62 /* SpeziHealthKitUI in Frameworks */,
				803166A32D75DE6100E9173B /* SpeziOnboarding in Frameworks */,
				8004CE412D75BCAA00CC3008 /* SpeziOnboarding in Frameworks */,
				2FB099AF2A875DF100B20952 /* FirebaseAuth in Frameworks */,
				807669732D772C40001B980B /* Collections in Frameworks */,
				97D73D6A2AD860AD00B47FA0 /* SpeziFirebaseStorage in Frameworks */,
				2FE5DC6729EDD894004B9AB4 /* SpeziContact in Frameworks */,
				2FE5DC8429EDD934004B9AB4 /* SpeziQuestionnaire in Frameworks */,
				803EAC1B2D67AB5300DA6E62 /* SpeziHealthKit in Frameworks */,
				2FB099B12A875DF100B20952 /* FirebaseFirestore in Frameworks */,
				807669712D772C40001B980B /* BitCollections in Frameworks */,
				A94DDFFD2CBD1190004930BD /* SpeziNotifications in Frameworks */,
				807669772D772C40001B980B /* HashTreeCollections in Frameworks */,
				803241E22D7B599300F7DE8B /* SpeziSchedulerUI in Frameworks */,
				803166B92D75E22E00E9173B /* SpeziHealthKitUI in Frameworks */,
				A9D83F962B083794000D0C78 /* SpeziFirebaseAccountStorage in Frameworks */,
				8055F2152D7B5F7900CD7884 /* SpeziOnboarding in Frameworks */,
				2FB099B62A875E2B00B20952 /* HealthKitOnFHIR in Frameworks */,
				80270CFB2D67F68F0022251E /* SpeziStudy in Frameworks */,
				56E7083B2BB06F6F00B08F0A /* SwiftPackageList in Frameworks */,
				8004CE442D75BCBE00CC3008 /* SpeziStudy in Frameworks */,
				8076696E2D772C07001B980B /* Algorithms in Frameworks */,
				56E708352BB06B7100B08F0A /* SpeziLicense in Frameworks */,
				803241EC2D7B5D5600F7DE8B /* SpeziHealthKitUI in Frameworks */,
				803166AB2D75DE8B00E9173B /* SpeziStudy in Frameworks */,
				803241E02D7B599300F7DE8B /* SpeziScheduler in Frameworks */,
				2FE5DC8A29EDD972004B9AB4 /* SpeziLocalStorage in Frameworks */,
				2FE5DC7529EDD8E6004B9AB4 /* SpeziFirebaseAccount in Frameworks */,
				807669752D772C40001B980B /* DequeModule in Frameworks */,
				80D612F02D67A5D200FAE750 /* SpeziKeychainStorage in Frameworks */,
				9739A0C62AD7B5730084BEA5 /* FirebaseStorage in Frameworks */,
				803241EA2D7B5D5600F7DE8B /* SpeziHealthKit in Frameworks */,
				803166B72D75E22E00E9173B /* SpeziHealthKit in Frameworks */,
				803166A82D75DE7700E9173B /* SpeziSchedulerUI in Frameworks */,
				807669792D772C40001B980B /* HeapModule in Frameworks */,
				2F49B7762980407C00BCB272 /* Spezi in Frameworks */,
				2FE5DC8F29EDD980004B9AB4 /* SpeziViews in Frameworks */,
				803166A62D75DE7700E9173B /* SpeziScheduler in Frameworks */,
				2FBD738C2A3BD150004228E7 /* SpeziScheduler in Frameworks */,
				2FE5DC7929EDD8E6004B9AB4 /* SpeziFirestore in Frameworks */,
				80C7B86C2D67D76B0016BCAF /* SpeziOnboarding in Frameworks */,
				806A166D2D7B5F2F0085452E /* SpeziStudy in Frameworks */,
				2FE5DC7729EDD8E6004B9AB4 /* SpeziFirebaseConfiguration in Frameworks */,
			);
			runOnlyForDeploymentPostprocessing = 0;
		};
		653A255A28338800005D4D48 /* Frameworks */ = {
			isa = PBXFrameworksBuildPhase;
			buildActionMask = 2147483647;
			files = (
			);
			runOnlyForDeploymentPostprocessing = 0;
		};
		653A256428338800005D4D48 /* Frameworks */ = {
			isa = PBXFrameworksBuildPhase;
			buildActionMask = 2147483647;
			files = (
				2FE5DC9929EDD9D9004B9AB4 /* XCTestExtensions in Frameworks */,
				2FE5DC9C29EDD9EF004B9AB4 /* XCTHealthKit in Frameworks */,
				A994264E2CD25EB3002F8BD5 /* XCTSpeziAccount in Frameworks */,
				A9947BF42CC142BD0068AA8A /* XCTSpeziNotifications in Frameworks */,
			);
			runOnlyForDeploymentPostprocessing = 0;
		};
/* End PBXFrameworksBuildPhase section */

/* Begin PBXGroup section */
		2FC9759D2978E30800BA99FE /* Supporting Files */ = {
			isa = PBXGroup;
			children = (
				2FAEC07F297F583900C11C42 /* MyHeartCounts.entitlements */,
				653A258928339462005D4D48 /* Info.plist */,
				2F6025CA29BBE70F0045459E /* GoogleService-Info.plist */,
				2F1AC9DE2B4E840E00C24973 /* MyHeartCounts.docc */,
			);
			path = "Supporting Files";
			sourceTree = "<group>";
		};
		2FE5DC2729EDD38D004B9AB4 /* Contacts */ = {
			isa = PBXGroup;
			children = (
				2FE5DC2529EDD38A004B9AB4 /* Contacts.swift */,
			);
			path = Contacts;
			sourceTree = "<group>";
		};
		2FE5DC2829EDD398004B9AB4 /* Onboarding */ = {
			isa = PBXGroup;
			children = (
				2FE5DC3129EDD7CA004B9AB4 /* AppOnboardingFlow.swift */,
				805BAA412D7A283E00115B39 /* BetaDisclaimer.swift */,
				2FE5DC3429EDD7CA004B9AB4 /* Welcome.swift */,
				2FE5DCAC29EE6107004B9AB4 /* AccountOnboarding.swift */,
				2FE5DC2F29EDD7CA004B9AB4 /* Consent.swift */,
				2FE5DC3029EDD7CA004B9AB4 /* HealthKitPermissions.swift */,
				2F65B44D2A3B8B0600A36932 /* NotificationPermissions.swift */,
				807669832D77316F001B980B /* Screening */,
				807F99E02D6D39DF00C747D0 /* OnboardingUtils.swift */,
			);
			path = Onboarding;
			sourceTree = "<group>";
		};
		2FE5DC2D29EDD792004B9AB4 /* Resources */ = {
			isa = PBXGroup;
			children = (
				2FE5DC2A29EDD78D004B9AB4 /* AppIcon.png */,
				653A255428338800005D4D48 /* Assets.xcassets */,
				2FE5DC2C29EDD78E004B9AB4 /* ConsentDocument.md */,
				2FA0BFEC2ACC977500E0EF83 /* Localizable.xcstrings */,
				2FE5DC5529EDD811004B9AB4 /* SocialSupportQuestionnaire.json */,
			);
			path = Resources;
			sourceTree = "<group>";
		};
		2FE5DC3B29EDD7D0004B9AB4 /* Schedule */ = {
			isa = PBXGroup;
			children = (
				2FE5DC4D29EDD7FA004B9AB4 /* Bundle+Questionnaire.swift */,
				2FE5DC4829EDD7FA004B9AB4 /* ScheduleView.swift */,
				A98FF2B02CD131F500DFC949 /* EventView.swift */,
				2FE5DC4C29EDD7FA004B9AB4 /* MyHeartCountsScheduler.swift */,
			);
			path = Schedule;
			sourceTree = "<group>";
		};
		2FE5DC3C29EDD7DA004B9AB4 /* SharedContext */ = {
			isa = PBXGroup;
			children = (
				2FE5DC3E29EDD7ED004B9AB4 /* FeatureFlags.swift */,
				2FE5DC3F29EDD7EE004B9AB4 /* StorageKeys.swift */,
			);
			path = SharedContext;
			sourceTree = "<group>";
		};
		653A2544283387FE005D4D48 = {
			isa = PBXGroup;
			children = (
				2FC94CD4298B0A1D009C8209 /* MyHeartCounts.xctestplan */,
				653A254F283387FE005D4D48 /* MyHeartCounts */,
				653A256028338800005D4D48 /* MyHeartCountsTests */,
				653A256A28338800005D4D48 /* MyHeartCountsUITests */,
				653A254E283387FE005D4D48 /* Products */,
				653A258B283395A7005D4D48 /* Frameworks */,
			);
			sourceTree = "<group>";
		};
		653A254E283387FE005D4D48 /* Products */ = {
			isa = PBXGroup;
			children = (
				653A254D283387FE005D4D48 /* MyHeartCounts.app */,
				653A255D28338800005D4D48 /* MyHeartCountsTests.xctest */,
				653A256728338800005D4D48 /* MyHeartCountsUITests.xctest */,
			);
			name = Products;
			sourceTree = "<group>";
		};
		653A254F283387FE005D4D48 /* MyHeartCounts */ = {
			isa = PBXGroup;
			children = (
				653A2550283387FE005D4D48 /* MyHeartCounts.swift */,
				2F5E32BC297E05EA003432F8 /* MyHeartCountsDelegate.swift */,
				2F4E23822989D51F0013F3D9 /* MyHeartCountsTestingSetup.swift */,
				2FF53D8C2A8729D600042B76 /* MyHeartCountsStandard.swift */,
				808A7BB72D7890500014D0E1 /* Root View */,
				808A7BC22D789C860014D0E1 /* Home Tab */,
				808A7BC32D789C8D0014D0E1 /* News Tab */,
				805BAA372D7A0A0200115B39 /* HeartHealthDashboardTab.swift */,
				807F99F02D6D3FA000C747D0 /* Utils */,
				80EF164B2D67F42300B894D1 /* Study Manager */,
				A9720E412ABB68B300872D23 /* Account */,
				2FE5DC2729EDD38D004B9AB4 /* Contacts */,
				A9A3DCC62C75CB8D00FC9B69 /* Firestore */,
				2FE5DC2829EDD398004B9AB4 /* Onboarding */,
				2FE5DC2D29EDD792004B9AB4 /* Resources */,
				2FE5DC3B29EDD7D0004B9AB4 /* Schedule */,
				2FE5DC3C29EDD7DA004B9AB4 /* SharedContext */,
				2FC9759D2978E30800BA99FE /* Supporting Files */,
			);
			path = MyHeartCounts;
			sourceTree = "<group>";
		};
		653A256028338800005D4D48 /* MyHeartCountsTests */ = {
			isa = PBXGroup;
			children = (
				653A256128338800005D4D48 /* MyHeartCountsTests.swift */,
			);
			path = MyHeartCountsTests;
			sourceTree = "<group>";
		};
		653A256A28338800005D4D48 /* MyHeartCountsUITests */ = {
			isa = PBXGroup;
			children = (
				2F4E237D2989A2FE0013F3D9 /* OnboardingTests.swift */,
				653A256B28338800005D4D48 /* SchedulerTests.swift */,
				2F4E23862989DB360013F3D9 /* ContactsTests.swift */,
				5680DD3D2AB8CD84004E6D4A /* ContributionsTest.swift */,
			);
			path = MyHeartCountsUITests;
			sourceTree = "<group>";
		};
		653A258B283395A7005D4D48 /* Frameworks */ = {
			isa = PBXGroup;
			children = (
			);
			name = Frameworks;
			sourceTree = "<group>";
		};
		807669832D77316F001B980B /* Screening */ = {
			isa = PBXGroup;
			children = (
				80D612F82D67A88600FAE750 /* AgeCheck.swift */,
				807669842D77317B001B980B /* RegionCheck.swift */,
				807669B52D775046001B980B /* LanguageCheck.swift */,
				807669662D7725CD001B980B /* ParticipantScreening.swift */,
				805BAA172D79F5E800115B39 /* ScreeningStep.swift */,
			);
			path = Screening;
			sourceTree = "<group>";
		};
		807F99F02D6D3FA000C747D0 /* Utils */ = {
			isa = PBXGroup;
			children = (
				805BAA882D7A497900115B39 /* DisclosureIndicator.swift */,
				805BAABF2D7AF84F00115B39 /* ListSelectionSheet.swift */,
				803241D42D7B53C800F7DE8B /* Utils.swift */,
				8055F2202D7C489F00CD7884 /* LocaleUtils.swift */,
				8086002F2D751EFA0044A054 /* FHIR+Utils.swift */,
				808A7BDF2D78DD450014D0E1 /* RelativeTimeLabel.swift */,
			);
			path = Utils;
			sourceTree = "<group>";
		};
		808A7BB72D7890500014D0E1 /* Root View */ = {
			isa = PBXGroup;
			children = (
				8086000F2D750E5F0044A054 /* RootView.swift */,
				808A7BB82D78906B0014D0E1 /* RootViewTab.swift */,
			);
			path = "Root View";
			sourceTree = "<group>";
		};
		808A7BC22D789C860014D0E1 /* Home Tab */ = {
			isa = PBXGroup;
			children = (
				808600172D7510920044A054 /* HomeTabView.swift */,
			);
			path = "Home Tab";
			sourceTree = "<group>";
		};
		808A7BC32D789C8D0014D0E1 /* News Tab */ = {
			isa = PBXGroup;
			children = (
				808A7BC42D789C980014D0E1 /* NewsTabView.swift */,
			);
			path = "News Tab";
			sourceTree = "<group>";
		};
		80EF164B2D67F42300B894D1 /* Study Manager */ = {
			isa = PBXGroup;
			children = (
				80EF164C2D67F44E00B894D1 /* MockStudy.swift */,
			);
			path = "Study Manager";
			sourceTree = "<group>";
		};
		A9720E412ABB68B300872D23 /* Account */ = {
			isa = PBXGroup;
			children = (
				A9FE7ACF2AA39BAB0077B045 /* AccountSheet.swift */,
				A9720E422ABB68CC00872D23 /* AccountSetupHeader.swift */,
				A9DFE8A82ABE551400428242 /* AccountButton.swift */,
			);
			path = Account;
			sourceTree = "<group>";
		};
		A9A3DCC62C75CB8D00FC9B69 /* Firestore */ = {
			isa = PBXGroup;
			children = (
				A9A3DCC72C75CB9A00FC9B69 /* FirebaseConfiguration.swift */,
			);
			path = Firestore;
			sourceTree = "<group>";
		};
/* End PBXGroup section */

/* Begin PBXNativeTarget section */
		653A254C283387FE005D4D48 /* MyHeartCounts */ = {
			isa = PBXNativeTarget;
			buildConfigurationList = 653A257128338800005D4D48 /* Build configuration list for PBXNativeTarget "MyHeartCounts" */;
			buildPhases = (
				653A2549283387FE005D4D48 /* Sources */,
				653A254A283387FE005D4D48 /* Frameworks */,
				653A254B283387FE005D4D48 /* Resources */,
			);
			buildRules = (
			);
			dependencies = (
				A9E1D3432C67A3F800CED217 /* PBXTargetDependency */,
				56E7083D2BB06FCA00B08F0A /* PBXTargetDependency */,
			);
			name = MyHeartCounts;
			packageProductDependencies = (
				2F49B7752980407B00BCB272 /* Spezi */,
				2FE5DC6329EDD883004B9AB4 /* SpeziAccount */,
				2FE5DC6629EDD894004B9AB4 /* SpeziContact */,
				2FE5DC7429EDD8E6004B9AB4 /* SpeziFirebaseAccount */,
				2FE5DC7629EDD8E6004B9AB4 /* SpeziFirebaseConfiguration */,
				2FE5DC7829EDD8E6004B9AB4 /* SpeziFirestore */,
				2FE5DC8329EDD934004B9AB4 /* SpeziQuestionnaire */,
				2FE5DC8929EDD972004B9AB4 /* SpeziLocalStorage */,
				2FE5DC8E29EDD980004B9AB4 /* SpeziViews */,
				2FBD738B2A3BD150004228E7 /* SpeziScheduler */,
				2FB099AE2A875DF100B20952 /* FirebaseAuth */,
				2FB099B02A875DF100B20952 /* FirebaseFirestore */,
				2FB099B52A875E2B00B20952 /* HealthKitOnFHIR */,
				9739A0C52AD7B5730084BEA5 /* FirebaseStorage */,
				97D73D692AD860AD00B47FA0 /* SpeziFirebaseStorage */,
				A9D83F952B083794000D0C78 /* SpeziFirebaseAccountStorage */,
				56E708342BB06B7100B08F0A /* SpeziLicense */,
				56E7083A2BB06F6F00B08F0A /* SwiftPackageList */,
				A94DDFFC2CBD1190004930BD /* SpeziNotifications */,
				80D612EF2D67A5D200FAE750 /* SpeziKeychainStorage */,
				803EAC1A2D67AB5300DA6E62 /* SpeziHealthKit */,
				803EAC1C2D67AB5300DA6E62 /* SpeziHealthKitUI */,
				80C7B86B2D67D76B0016BCAF /* SpeziOnboarding */,
				80270CFA2D67F68F0022251E /* SpeziStudy */,
				8086001C2D75133B0044A054 /* SFSafeSymbols */,
				8004CE402D75BCAA00CC3008 /* SpeziOnboarding */,
				8004CE432D75BCBE00CC3008 /* SpeziStudy */,
				803166A22D75DE6100E9173B /* SpeziOnboarding */,
				803166A52D75DE7700E9173B /* SpeziScheduler */,
				803166A72D75DE7700E9173B /* SpeziSchedulerUI */,
				803166AA2D75DE8B00E9173B /* SpeziStudy */,
				803166B62D75E22E00E9173B /* SpeziHealthKit */,
				803166B82D75E22E00E9173B /* SpeziHealthKitUI */,
				8076696D2D772C07001B980B /* Algorithms */,
				807669702D772C40001B980B /* BitCollections */,
				807669722D772C40001B980B /* Collections */,
				807669742D772C40001B980B /* DequeModule */,
				807669762D772C40001B980B /* HashTreeCollections */,
				807669782D772C40001B980B /* HeapModule */,
				803241DF2D7B599300F7DE8B /* SpeziScheduler */,
				803241E12D7B599300F7DE8B /* SpeziSchedulerUI */,
				803241E92D7B5D5600F7DE8B /* SpeziHealthKit */,
				803241EB2D7B5D5600F7DE8B /* SpeziHealthKitUI */,
				806A166C2D7B5F2F0085452E /* SpeziStudy */,
				8055F2142D7B5F7900CD7884 /* SpeziOnboarding */,
			);
			productName = MyHeartCounts;
			productReference = 653A254D283387FE005D4D48 /* MyHeartCounts.app */;
			productType = "com.apple.product-type.application";
		};
		653A255C28338800005D4D48 /* MyHeartCountsTests */ = {
			isa = PBXNativeTarget;
			buildConfigurationList = 653A257428338800005D4D48 /* Build configuration list for PBXNativeTarget "MyHeartCountsTests" */;
			buildPhases = (
				653A255928338800005D4D48 /* Sources */,
				653A255A28338800005D4D48 /* Frameworks */,
				653A255B28338800005D4D48 /* Resources */,
			);
			buildRules = (
			);
			dependencies = (
				A9E1D3462C67B0A300CED217 /* PBXTargetDependency */,
				653A255F28338800005D4D48 /* PBXTargetDependency */,
			);
			name = MyHeartCountsTests;
			productName = MyHeartCountsTests;
			productReference = 653A255D28338800005D4D48 /* MyHeartCountsTests.xctest */;
			productType = "com.apple.product-type.bundle.unit-test";
		};
		653A256628338800005D4D48 /* MyHeartCountsUITests */ = {
			isa = PBXNativeTarget;
			buildConfigurationList = 653A257728338800005D4D48 /* Build configuration list for PBXNativeTarget "MyHeartCountsUITests" */;
			buildPhases = (
				653A256328338800005D4D48 /* Sources */,
				653A256428338800005D4D48 /* Frameworks */,
				653A256528338800005D4D48 /* Resources */,
			);
			buildRules = (
			);
			dependencies = (
				A9E1D3482C67B0A700CED217 /* PBXTargetDependency */,
				653A256928338800005D4D48 /* PBXTargetDependency */,
			);
			name = MyHeartCountsUITests;
			packageProductDependencies = (
				2FE5DC9829EDD9D9004B9AB4 /* XCTestExtensions */,
				2FE5DC9B29EDD9EF004B9AB4 /* XCTHealthKit */,
				A9947BF32CC142BD0068AA8A /* XCTSpeziNotifications */,
				A994264D2CD25EB3002F8BD5 /* XCTSpeziAccount */,
			);
			productName = MyHeartCountsUITests;
			productReference = 653A256728338800005D4D48 /* MyHeartCountsUITests.xctest */;
			productType = "com.apple.product-type.bundle.ui-testing";
		};
/* End PBXNativeTarget section */

/* Begin PBXProject section */
		653A2545283387FE005D4D48 /* Project object */ = {
			isa = PBXProject;
			attributes = {
				BuildIndependentTargetsInParallel = 1;
				LastSwiftUpdateCheck = 1340;
				LastUpgradeCheck = 1600;
				TargetAttributes = {
					653A254C283387FE005D4D48 = {
						CreatedOnToolsVersion = 13.4;
					};
					653A255C28338800005D4D48 = {
						CreatedOnToolsVersion = 13.4;
						TestTargetID = 653A254C283387FE005D4D48;
					};
					653A256628338800005D4D48 = {
						CreatedOnToolsVersion = 13.4;
						TestTargetID = 653A254C283387FE005D4D48;
					};
				};
			};
			buildConfigurationList = 653A2548283387FE005D4D48 /* Build configuration list for PBXProject "MyHeartCounts" */;
			compatibilityVersion = "Xcode 15.3";
			developmentRegion = en;
			hasScannedForEncodings = 0;
			knownRegions = (
				en,
				Base,
			);
			mainGroup = 653A2544283387FE005D4D48;
			packageReferences = (
				2F49B7742980407B00BCB272 /* XCRemoteSwiftPackageReference "Spezi" */,
				2FE5DC6229EDD883004B9AB4 /* XCRemoteSwiftPackageReference "SpeziAccount" */,
				2FE5DC6529EDD894004B9AB4 /* XCRemoteSwiftPackageReference "SpeziContact" */,
				2FE5DC7329EDD8E6004B9AB4 /* XCRemoteSwiftPackageReference "SpeziFirebase" */,
				2FE5DC8229EDD934004B9AB4 /* XCRemoteSwiftPackageReference "SpeziQuestionnaire" */,
				2FE5DC8829EDD972004B9AB4 /* XCRemoteSwiftPackageReference "SpeziStorage" */,
				2FE5DC8D29EDD980004B9AB4 /* XCRemoteSwiftPackageReference "SpeziViews" */,
				2FE5DC9029EDD9C3004B9AB4 /* XCRemoteSwiftPackageReference "firebase-ios-sdk" */,
				2FE5DC9729EDD9D9004B9AB4 /* XCRemoteSwiftPackageReference "XCTestExtensions" */,
				2FE5DC9A29EDD9EF004B9AB4 /* XCRemoteSwiftPackageReference "XCTHealthKit" */,
				2FB099B42A875E2B00B20952 /* XCRemoteSwiftPackageReference "HealthKitOnFHIR" */,
				5661551B2AB8384200209B80 /* XCRemoteSwiftPackageReference "swift-package-list" */,
				56E708332BB06B7100B08F0A /* XCRemoteSwiftPackageReference "SpeziLicense" */,
				2F66D20D2BB723180010D555 /* XCRemoteSwiftPackageReference "SwiftLint" */,
				A945FCD32C9C6BFA00B9EBC7 /* XCRemoteSwiftPackageReference "ResearchKitOnFHIR" */,
				A94DDFFB2CBD1190004930BD /* XCRemoteSwiftPackageReference "SpeziNotifications" */,
				8086001B2D75133B0044A054 /* XCRemoteSwiftPackageReference "SFSafeSymbols" */,
				8076696C2D772C07001B980B /* XCRemoteSwiftPackageReference "swift-algorithms" */,
				8076696F2D772C40001B980B /* XCRemoteSwiftPackageReference "swift-collections" */,
				803241DE2D7B599300F7DE8B /* XCRemoteSwiftPackageReference "SpeziScheduler" */,
				803241E82D7B5D5600F7DE8B /* XCRemoteSwiftPackageReference "SpeziHealthKit" */,
				806A166B2D7B5F2F0085452E /* XCRemoteSwiftPackageReference "SpeziStudy" */,
				8055F2132D7B5F7900CD7884 /* XCRemoteSwiftPackageReference "SpeziOnboarding" */,
			);
			productRefGroup = 653A254E283387FE005D4D48 /* Products */;
			projectDirPath = "";
			projectRoot = "";
			targets = (
				653A254C283387FE005D4D48 /* MyHeartCounts */,
				653A255C28338800005D4D48 /* MyHeartCountsTests */,
				653A256628338800005D4D48 /* MyHeartCountsUITests */,
			);
		};
/* End PBXProject section */

/* Begin PBXResourcesBuildPhase section */
		653A254B283387FE005D4D48 /* Resources */ = {
			isa = PBXResourcesBuildPhase;
			buildActionMask = 2147483647;
			files = (
				2FC3439229EE634B002D773C /* ConsentDocument.md in Resources */,
				2FC3439129EE6349002D773C /* AppIcon.png in Resources */,
				653A255528338800005D4D48 /* Assets.xcassets in Resources */,
				2FC3439029EE6346002D773C /* SocialSupportQuestionnaire.json in Resources */,
				2FA0BFED2ACC977500E0EF83 /* Localizable.xcstrings in Resources */,
				2F6025CB29BBE70F0045459E /* GoogleService-Info.plist in Resources */,
			);
			runOnlyForDeploymentPostprocessing = 0;
		};
		653A255B28338800005D4D48 /* Resources */ = {
			isa = PBXResourcesBuildPhase;
			buildActionMask = 2147483647;
			files = (
			);
			runOnlyForDeploymentPostprocessing = 0;
		};
		653A256528338800005D4D48 /* Resources */ = {
			isa = PBXResourcesBuildPhase;
			buildActionMask = 2147483647;
			files = (
			);
			runOnlyForDeploymentPostprocessing = 0;
		};
/* End PBXResourcesBuildPhase section */

/* Begin PBXSourcesBuildPhase section */
		653A2549283387FE005D4D48 /* Sources */ = {
			isa = PBXSourcesBuildPhase;
			buildActionMask = 2147483647;
			files = (
				2FE5DC4129EDD7EE004B9AB4 /* StorageKeys.swift in Sources */,
				2FE5DCB129EE6107004B9AB4 /* AccountOnboarding.swift in Sources */,
				2FE5DC3A29EDD7CA004B9AB4 /* Welcome.swift in Sources */,
				808A7BB92D78906B0014D0E1 /* RootViewTab.swift in Sources */,
				807669B62D775046001B980B /* LanguageCheck.swift in Sources */,
				2FE5DC3529EDD7CA004B9AB4 /* Consent.swift in Sources */,
				2FE5DC4E29EDD7FA004B9AB4 /* ScheduleView.swift in Sources */,
				A9DFE8A92ABE551400428242 /* AccountButton.swift in Sources */,
				A9A3DCC82C75CBBD00FC9B69 /* FirebaseConfiguration.swift in Sources */,
				2FE5DC3729EDD7CA004B9AB4 /* AppOnboardingFlow.swift in Sources */,
				8055F2212D7C489F00CD7884 /* LocaleUtils.swift in Sources */,
				807669672D7725CD001B980B /* ParticipantScreening.swift in Sources */,
				2F1AC9DF2B4E840E00C24973 /* MyHeartCounts.docc in Sources */,
				2FF53D8D2A8729D600042B76 /* MyHeartCountsStandard.swift in Sources */,
				808A7BC52D789C980014D0E1 /* NewsTabView.swift in Sources */,
				A9720E432ABB68CC00872D23 /* AccountSetupHeader.swift in Sources */,
				805BAA182D79F5E800115B39 /* ScreeningStep.swift in Sources */,
				2FE5DC4029EDD7EE004B9AB4 /* FeatureFlags.swift in Sources */,
				80D612F92D67A88600FAE750 /* AgeCheck.swift in Sources */,
				807669852D77317B001B980B /* RegionCheck.swift in Sources */,
				808600102D750E5F0044A054 /* RootView.swift in Sources */,
				2F4E23832989D51F0013F3D9 /* MyHeartCountsTestingSetup.swift in Sources */,
				805BAA892D7A497900115B39 /* DisclosureIndicator.swift in Sources */,
				803241D52D7B53C800F7DE8B /* Utils.swift in Sources */,
				805BAAC02D7AF84F00115B39 /* ListSelectionSheet.swift in Sources */,
				A98FF2B12CD131F500DFC949 /* EventView.swift in Sources */,
				2FE5DC5329EDD7FA004B9AB4 /* Bundle+Questionnaire.swift in Sources */,
				2F5E32BD297E05EA003432F8 /* MyHeartCountsDelegate.swift in Sources */,
				807F99E12D6D39E800C747D0 /* OnboardingUtils.swift in Sources */,
				80EF164D2D67F44E00B894D1 /* MockStudy.swift in Sources */,
				2FE5DC5229EDD7FA004B9AB4 /* MyHeartCountsScheduler.swift in Sources */,
				A9FE7AD02AA39BAB0077B045 /* AccountSheet.swift in Sources */,
				805BAA382D7A0A0200115B39 /* HeartHealthDashboardTab.swift in Sources */,
				805BAA422D7A283E00115B39 /* BetaDisclaimer.swift in Sources */,
				653A2551283387FE005D4D48 /* MyHeartCounts.swift in Sources */,
				2FE5DC3629EDD7CA004B9AB4 /* HealthKitPermissions.swift in Sources */,
				808600302D751EFA0044A054 /* FHIR+Utils.swift in Sources */,
				808600182D7510920044A054 /* HomeTabView.swift in Sources */,
				808A7BE02D78DD450014D0E1 /* RelativeTimeLabel.swift in Sources */,
				2F65B44E2A3B8B0600A36932 /* NotificationPermissions.swift in Sources */,
				2FE5DC2629EDD38A004B9AB4 /* Contacts.swift in Sources */,
			);
			runOnlyForDeploymentPostprocessing = 0;
		};
		653A255928338800005D4D48 /* Sources */ = {
			isa = PBXSourcesBuildPhase;
			buildActionMask = 2147483647;
			files = (
				653A256228338800005D4D48 /* MyHeartCountsTests.swift in Sources */,
			);
			runOnlyForDeploymentPostprocessing = 0;
		};
		653A256328338800005D4D48 /* Sources */ = {
			isa = PBXSourcesBuildPhase;
			buildActionMask = 2147483647;
			files = (
				5680DD3E2AB8CD84004E6D4A /* ContributionsTest.swift in Sources */,
				2F4E23872989DB360013F3D9 /* ContactsTests.swift in Sources */,
				2F4E237E2989A2FE0013F3D9 /* OnboardingTests.swift in Sources */,
				653A256C28338800005D4D48 /* SchedulerTests.swift in Sources */,
			);
			runOnlyForDeploymentPostprocessing = 0;
		};
/* End PBXSourcesBuildPhase section */

/* Begin PBXTargetDependency section */
		56E7083D2BB06FCA00B08F0A /* PBXTargetDependency */ = {
			isa = PBXTargetDependency;
			productRef = 56E7083C2BB06FCA00B08F0A /* SwiftPackageListPlugin */;
		};
		653A255F28338800005D4D48 /* PBXTargetDependency */ = {
			isa = PBXTargetDependency;
			target = 653A254C283387FE005D4D48 /* MyHeartCounts */;
			targetProxy = 653A255E28338800005D4D48 /* PBXContainerItemProxy */;
		};
		653A256928338800005D4D48 /* PBXTargetDependency */ = {
			isa = PBXTargetDependency;
			target = 653A254C283387FE005D4D48 /* MyHeartCounts */;
			targetProxy = 653A256828338800005D4D48 /* PBXContainerItemProxy */;
		};
		A9E1D3432C67A3F800CED217 /* PBXTargetDependency */ = {
			isa = PBXTargetDependency;
			productRef = A9E1D3422C67A3F800CED217 /* SwiftLintBuildToolPlugin */;
		};
		A9E1D3462C67B0A300CED217 /* PBXTargetDependency */ = {
			isa = PBXTargetDependency;
			productRef = A9E1D3452C67B0A300CED217 /* SwiftLintBuildToolPlugin */;
		};
		A9E1D3482C67B0A700CED217 /* PBXTargetDependency */ = {
			isa = PBXTargetDependency;
			productRef = A9E1D3472C67B0A700CED217 /* SwiftLintBuildToolPlugin */;
		};
/* End PBXTargetDependency section */

/* Begin XCBuildConfiguration section */
		2FEE10302998C89C000822E1 /* Test */ = {
			isa = XCBuildConfiguration;
			buildSettings = {
				ALWAYS_SEARCH_USER_PATHS = NO;
				ASSETCATALOG_COMPILER_GENERATE_SWIFT_ASSET_SYMBOL_EXTENSIONS = YES;
				CLANG_ANALYZER_NONNULL = YES;
				CLANG_ANALYZER_NUMBER_OBJECT_CONVERSION = YES_AGGRESSIVE;
				CLANG_CXX_LANGUAGE_STANDARD = "gnu++17";
				CLANG_ENABLE_MODULES = YES;
				CLANG_ENABLE_OBJC_ARC = YES;
				CLANG_ENABLE_OBJC_WEAK = YES;
				CLANG_WARN_BLOCK_CAPTURE_AUTORELEASING = YES;
				CLANG_WARN_BOOL_CONVERSION = YES;
				CLANG_WARN_COMMA = YES;
				CLANG_WARN_CONSTANT_CONVERSION = YES;
				CLANG_WARN_DEPRECATED_OBJC_IMPLEMENTATIONS = YES;
				CLANG_WARN_DIRECT_OBJC_ISA_USAGE = YES_ERROR;
				CLANG_WARN_DOCUMENTATION_COMMENTS = YES;
				CLANG_WARN_EMPTY_BODY = YES;
				CLANG_WARN_ENUM_CONVERSION = YES;
				CLANG_WARN_INFINITE_RECURSION = YES;
				CLANG_WARN_INT_CONVERSION = YES;
				CLANG_WARN_NON_LITERAL_NULL_CONVERSION = YES;
				CLANG_WARN_OBJC_IMPLICIT_RETAIN_SELF = YES;
				CLANG_WARN_OBJC_LITERAL_CONVERSION = YES;
				CLANG_WARN_OBJC_ROOT_CLASS = YES_ERROR;
				CLANG_WARN_QUOTED_INCLUDE_IN_FRAMEWORK_HEADER = YES;
				CLANG_WARN_RANGE_LOOP_ANALYSIS = YES;
				CLANG_WARN_STRICT_PROTOTYPES = YES;
				CLANG_WARN_SUSPICIOUS_MOVE = YES;
				CLANG_WARN_UNGUARDED_AVAILABILITY = YES_AGGRESSIVE;
				CLANG_WARN_UNREACHABLE_CODE = YES;
				CLANG_WARN__DUPLICATE_METHOD_MATCH = YES;
				COPY_PHASE_STRIP = NO;
				DEBUG_INFORMATION_FORMAT = dwarf;
				ENABLE_STRICT_OBJC_MSGSEND = YES;
				ENABLE_TESTABILITY = YES;
				ENABLE_USER_SCRIPT_SANDBOXING = YES;
				GCC_C_LANGUAGE_STANDARD = gnu11;
				GCC_DYNAMIC_NO_PIC = NO;
				GCC_NO_COMMON_BLOCKS = YES;
				GCC_OPTIMIZATION_LEVEL = 0;
				GCC_PREPROCESSOR_DEFINITIONS = (
					"DEBUG=1",
					"$(inherited)",
				);
				GCC_WARN_64_TO_32_BIT_CONVERSION = YES;
				GCC_WARN_ABOUT_RETURN_TYPE = YES_ERROR;
				GCC_WARN_UNDECLARED_SELECTOR = YES;
				GCC_WARN_UNINITIALIZED_AUTOS = YES_AGGRESSIVE;
				GCC_WARN_UNUSED_FUNCTION = YES;
				GCC_WARN_UNUSED_VARIABLE = YES;
				IPHONEOS_DEPLOYMENT_TARGET = 17.2;
				LOCALIZATION_PREFERS_STRING_CATALOGS = YES;
				MTL_ENABLE_DEBUG_INFO = INCLUDE_SOURCE;
				MTL_FAST_MATH = YES;
				ONLY_ACTIVE_ARCH = YES;
				SDKROOT = iphoneos;
				SWIFT_ACTIVE_COMPILATION_CONDITIONS = TEST;
				SWIFT_OPTIMIZATION_LEVEL = "-Onone";
				SWIFT_STRICT_CONCURRENCY = complete;
				SWIFT_VERSION = 6.0;
			};
			name = Test;
		};
		2FEE10312998C89C000822E1 /* Test */ = {
			isa = XCBuildConfiguration;
			buildSettings = {
				ASSETCATALOG_COMPILER_APPICON_NAME = AppIcon;
				ASSETCATALOG_COMPILER_GLOBAL_ACCENT_COLOR_NAME = AccentColor;
				CODE_SIGN_ENTITLEMENTS = "MyHeartCounts/Supporting Files/MyHeartCounts.entitlements";
				CODE_SIGN_IDENTITY = "Apple Development";
				CODE_SIGN_STYLE = Automatic;
				CURRENT_PROJECT_VERSION = 1;
				DEVELOPMENT_ASSET_PATHS = "";
				DEVELOPMENT_TEAM = A485NLSB8K;
				ENABLE_PREVIEWS = YES;
				GENERATE_INFOPLIST_FILE = YES;
				INFOPLIST_FILE = "MyHeartCounts/Supporting Files/Info.plist";
				INFOPLIST_KEY_NSCameraUsageDescription = "This message should never appear. Please adjust this when you start using camera information. We have to put this in here as ResearchKit has the possibility to use it and not putting it here returns an error on AppStore Connect.";
				INFOPLIST_KEY_NSHealthShareUsageDescription = "My Heart Counts uses the step count to demonstrate Spezi's integration with HealthKit.";
				INFOPLIST_KEY_NSHealthUpdateUsageDescription = "My Heart Counts uses the step count to demonstrate Spezi's integration with HealthKit.";
				INFOPLIST_KEY_NSLocationAlwaysAndWhenInUseUsageDescription = "This message should never appear. Please adjust this when you start using location information. We have to put this in here as ResearchKit has the possibility to use it and not putting it here returns an error on AppStore Connect.";
				INFOPLIST_KEY_NSLocationWhenInUseUsageDescription = "This message should never appear. Please adjust this when you start using location information. We have to put this in here as ResearchKit has the possibility to use it and not putting it here returns an error on AppStore Connect.";
				INFOPLIST_KEY_NSMicrophoneUsageDescription = "This message should never appear. Please adjust this when you start using microphone information. We have to put this in here as ResearchKit has the possibility to use it and not putting it here returns an error on AppStore Connect.";
				INFOPLIST_KEY_NSMotionUsageDescription = "This message should never appear. Please adjust this when you start using motion information. We have to put this in here as ResearchKit has the possibility to use it and not putting it here returns an error on AppStore Connect.";
				INFOPLIST_KEY_NSSpeechRecognitionUsageDescription = "This message should never appear. Please adjust this when you start using speecg information. We have to put this in here as ResearchKit has the possibility to use it and not putting it here returns an error on AppStore Connect.";
				INFOPLIST_KEY_UIApplicationSupportsIndirectInputEvents = YES;
				INFOPLIST_KEY_UILaunchScreen_Generation = YES;
				INFOPLIST_KEY_UISupportedInterfaceOrientations = UIInterfaceOrientationPortrait;
				INFOPLIST_KEY_UISupportedInterfaceOrientations_iPad = "UIInterfaceOrientationLandscapeLeft UIInterfaceOrientationLandscapeRight UIInterfaceOrientationPortrait UIInterfaceOrientationPortraitUpsideDown";
				IPHONEOS_DEPLOYMENT_TARGET = 18.0;
				LD_RUNPATH_SEARCH_PATHS = (
					"$(inherited)",
					"@executable_path/Frameworks",
				);
				MARKETING_VERSION = 1.0;
				PRODUCT_BUNDLE_IDENTIFIER = de.lukaskollmer.edu.stanford.BDHG.MyHeartCounts;
				PRODUCT_NAME = "$(TARGET_NAME)";
				PROVISIONING_PROFILE_SPECIFIER = "";
				SUPPORTED_PLATFORMS = "iphoneos iphonesimulator";
				SUPPORTS_MACCATALYST = NO;
				SUPPORTS_MAC_DESIGNED_FOR_IPHONE_IPAD = NO;
				"SWIFT_ELicenseRef-MyHeartCounts_LOC_STRINGS" = YES;
				SWIFT_EMIT_LOC_STRINGS = YES;
				SWIFT_UPCOMING_FEATURE_EXISTENTIAL_ANY = YES;
				TARGETED_DEVICE_FAMILY = "1,2";
			};
			name = Test;
		};
		2FEE10322998C89C000822E1 /* Test */ = {
			isa = XCBuildConfiguration;
			buildSettings = {
				BUNDLE_LOADER = "$(TEST_HOST)";
				CODE_SIGN_STYLE = Automatic;
				CURRENT_PROJECT_VERSION = 1;
				DEVELOPMENT_TEAM = 637867499T;
				GENERATE_INFOPLIST_FILE = YES;
				IPHONEOS_DEPLOYMENT_TARGET = 18.0;
				MARKETING_VERSION = 1.0;
				PRODUCT_BUNDLE_IDENTIFIER = edu.stanford.BDHG.MyHeartCounts.tests;
				PRODUCT_NAME = "$(TARGET_NAME)";
				"SWIFT_ELicenseRef-MyHeartCounts_LOC_STRINGS" = NO;
				TARGETED_DEVICE_FAMILY = "1,2";
				TEST_HOST = "$(BUILT_PRODUCTS_DIR)/MyHeartCounts.app/MyHeartCounts";
			};
			name = Test;
		};
		2FEE10332998C89C000822E1 /* Test */ = {
			isa = XCBuildConfiguration;
			buildSettings = {
				CODE_SIGN_STYLE = Automatic;
				CURRENT_PROJECT_VERSION = 1;
				DEVELOPMENT_TEAM = 637867499T;
				GENERATE_INFOPLIST_FILE = YES;
				IPHONEOS_DEPLOYMENT_TARGET = 18.0;
				MARKETING_VERSION = 1.0;
				PRODUCT_BUNDLE_IDENTIFIER = edu.stanford.BDHG.MyHeartCountsuitests;
				PRODUCT_NAME = "$(TARGET_NAME)";
				"SWIFT_ELicenseRef-MyHeartCounts_LOC_STRINGS" = NO;
				TARGETED_DEVICE_FAMILY = "1,2";
				TEST_TARGET_NAME = MyHeartCounts;
			};
			name = Test;
		};
		653A256F28338800005D4D48 /* Debug */ = {
			isa = XCBuildConfiguration;
			buildSettings = {
				ALWAYS_SEARCH_USER_PATHS = NO;
				ASSETCATALOG_COMPILER_GENERATE_SWIFT_ASSET_SYMBOL_EXTENSIONS = YES;
				CLANG_ANALYZER_NONNULL = YES;
				CLANG_ANALYZER_NUMBER_OBJECT_CONVERSION = YES_AGGRESSIVE;
				CLANG_CXX_LANGUAGE_STANDARD = "gnu++17";
				CLANG_ENABLE_MODULES = YES;
				CLANG_ENABLE_OBJC_ARC = YES;
				CLANG_ENABLE_OBJC_WEAK = YES;
				CLANG_WARN_BLOCK_CAPTURE_AUTORELEASING = YES;
				CLANG_WARN_BOOL_CONVERSION = YES;
				CLANG_WARN_COMMA = YES;
				CLANG_WARN_CONSTANT_CONVERSION = YES;
				CLANG_WARN_DEPRECATED_OBJC_IMPLEMENTATIONS = YES;
				CLANG_WARN_DIRECT_OBJC_ISA_USAGE = YES_ERROR;
				CLANG_WARN_DOCUMENTATION_COMMENTS = YES;
				CLANG_WARN_EMPTY_BODY = YES;
				CLANG_WARN_ENUM_CONVERSION = YES;
				CLANG_WARN_INFINITE_RECURSION = YES;
				CLANG_WARN_INT_CONVERSION = YES;
				CLANG_WARN_NON_LITERAL_NULL_CONVERSION = YES;
				CLANG_WARN_OBJC_IMPLICIT_RETAIN_SELF = YES;
				CLANG_WARN_OBJC_LITERAL_CONVERSION = YES;
				CLANG_WARN_OBJC_ROOT_CLASS = YES_ERROR;
				CLANG_WARN_QUOTED_INCLUDE_IN_FRAMEWORK_HEADER = YES;
				CLANG_WARN_RANGE_LOOP_ANALYSIS = YES;
				CLANG_WARN_STRICT_PROTOTYPES = YES;
				CLANG_WARN_SUSPICIOUS_MOVE = YES;
				CLANG_WARN_UNGUARDED_AVAILABILITY = YES_AGGRESSIVE;
				CLANG_WARN_UNREACHABLE_CODE = YES;
				CLANG_WARN__DUPLICATE_METHOD_MATCH = YES;
				COPY_PHASE_STRIP = NO;
				DEBUG_INFORMATION_FORMAT = dwarf;
				ENABLE_STRICT_OBJC_MSGSEND = YES;
				ENABLE_TESTABILITY = YES;
				ENABLE_USER_SCRIPT_SANDBOXING = YES;
				GCC_C_LANGUAGE_STANDARD = gnu11;
				GCC_DYNAMIC_NO_PIC = NO;
				GCC_NO_COMMON_BLOCKS = YES;
				GCC_OPTIMIZATION_LEVEL = 0;
				GCC_PREPROCESSOR_DEFINITIONS = (
					"DEBUG=1",
					"$(inherited)",
				);
				GCC_WARN_64_TO_32_BIT_CONVERSION = YES;
				GCC_WARN_ABOUT_RETURN_TYPE = YES_ERROR;
				GCC_WARN_UNDECLARED_SELECTOR = YES;
				GCC_WARN_UNINITIALIZED_AUTOS = YES_AGGRESSIVE;
				GCC_WARN_UNUSED_FUNCTION = YES;
				GCC_WARN_UNUSED_VARIABLE = YES;
				IPHONEOS_DEPLOYMENT_TARGET = 17.2;
				LOCALIZATION_PREFERS_STRING_CATALOGS = YES;
				MTL_ENABLE_DEBUG_INFO = INCLUDE_SOURCE;
				MTL_FAST_MATH = YES;
				ONLY_ACTIVE_ARCH = YES;
				SDKROOT = iphoneos;
				SWIFT_ACTIVE_COMPILATION_CONDITIONS = DEBUG;
				SWIFT_OPTIMIZATION_LEVEL = "-Onone";
				SWIFT_STRICT_CONCURRENCY = complete;
				SWIFT_VERSION = 6.0;
			};
			name = Debug;
		};
		653A257028338800005D4D48 /* Release */ = {
			isa = XCBuildConfiguration;
			buildSettings = {
				ALWAYS_SEARCH_USER_PATHS = NO;
				ASSETCATALOG_COMPILER_GENERATE_SWIFT_ASSET_SYMBOL_EXTENSIONS = YES;
				CLANG_ANALYZER_NONNULL = YES;
				CLANG_ANALYZER_NUMBER_OBJECT_CONVERSION = YES_AGGRESSIVE;
				CLANG_CXX_LANGUAGE_STANDARD = "gnu++17";
				CLANG_ENABLE_MODULES = YES;
				CLANG_ENABLE_OBJC_ARC = YES;
				CLANG_ENABLE_OBJC_WEAK = YES;
				CLANG_WARN_BLOCK_CAPTURE_AUTORELEASING = YES;
				CLANG_WARN_BOOL_CONVERSION = YES;
				CLANG_WARN_COMMA = YES;
				CLANG_WARN_CONSTANT_CONVERSION = YES;
				CLANG_WARN_DEPRECATED_OBJC_IMPLEMENTATIONS = YES;
				CLANG_WARN_DIRECT_OBJC_ISA_USAGE = YES_ERROR;
				CLANG_WARN_DOCUMENTATION_COMMENTS = YES;
				CLANG_WARN_EMPTY_BODY = YES;
				CLANG_WARN_ENUM_CONVERSION = YES;
				CLANG_WARN_INFINITE_RECURSION = YES;
				CLANG_WARN_INT_CONVERSION = YES;
				CLANG_WARN_NON_LITERAL_NULL_CONVERSION = YES;
				CLANG_WARN_OBJC_IMPLICIT_RETAIN_SELF = YES;
				CLANG_WARN_OBJC_LITERAL_CONVERSION = YES;
				CLANG_WARN_OBJC_ROOT_CLASS = YES_ERROR;
				CLANG_WARN_QUOTED_INCLUDE_IN_FRAMEWORK_HEADER = YES;
				CLANG_WARN_RANGE_LOOP_ANALYSIS = YES;
				CLANG_WARN_STRICT_PROTOTYPES = YES;
				CLANG_WARN_SUSPICIOUS_MOVE = YES;
				CLANG_WARN_UNGUARDED_AVAILABILITY = YES_AGGRESSIVE;
				CLANG_WARN_UNREACHABLE_CODE = YES;
				CLANG_WARN__DUPLICATE_METHOD_MATCH = YES;
				COPY_PHASE_STRIP = NO;
				DEBUG_INFORMATION_FORMAT = "dwarf-with-dsym";
				ENABLE_NS_ASSERTIONS = NO;
				ENABLE_STRICT_OBJC_MSGSEND = YES;
				ENABLE_USER_SCRIPT_SANDBOXING = YES;
				GCC_C_LANGUAGE_STANDARD = gnu11;
				GCC_NO_COMMON_BLOCKS = YES;
				GCC_WARN_64_TO_32_BIT_CONVERSION = YES;
				GCC_WARN_ABOUT_RETURN_TYPE = YES_ERROR;
				GCC_WARN_UNDECLARED_SELECTOR = YES;
				GCC_WARN_UNINITIALIZED_AUTOS = YES_AGGRESSIVE;
				GCC_WARN_UNUSED_FUNCTION = YES;
				GCC_WARN_UNUSED_VARIABLE = YES;
				IPHONEOS_DEPLOYMENT_TARGET = 17.2;
				LOCALIZATION_PREFERS_STRING_CATALOGS = YES;
				MTL_ENABLE_DEBUG_INFO = NO;
				MTL_FAST_MATH = YES;
				SDKROOT = iphoneos;
				SWIFT_COMPILATION_MODE = wholemodule;
				SWIFT_OPTIMIZATION_LEVEL = "-O";
				SWIFT_STRICT_CONCURRENCY = complete;
				SWIFT_VERSION = 6.0;
				VALIDATE_PRODUCT = YES;
			};
			name = Release;
		};
		653A257228338800005D4D48 /* Debug */ = {
			isa = XCBuildConfiguration;
			buildSettings = {
				ASSETCATALOG_COMPILER_APPICON_NAME = AppIcon;
				ASSETCATALOG_COMPILER_GLOBAL_ACCENT_COLOR_NAME = AccentColor;
				CODE_SIGN_ENTITLEMENTS = "MyHeartCounts/Supporting Files/MyHeartCounts.entitlements";
				CODE_SIGN_IDENTITY = "Apple Development";
				CODE_SIGN_STYLE = Automatic;
				CURRENT_PROJECT_VERSION = 1;
				DEVELOPMENT_ASSET_PATHS = "";
				DEVELOPMENT_TEAM = A485NLSB8K;
				ENABLE_PREVIEWS = YES;
				GENERATE_INFOPLIST_FILE = YES;
				INFOPLIST_FILE = "MyHeartCounts/Supporting Files/Info.plist";
				INFOPLIST_KEY_NSCameraUsageDescription = "This message should never appear. Please adjust this when you start using camera information. We have to put this in here as ResearchKit has the possibility to use it and not putting it here returns an error on AppStore Connect.";
				INFOPLIST_KEY_NSHealthShareUsageDescription = "My Heart Counts uses the step count to demonstrate Spezi's integration with HealthKit.";
				INFOPLIST_KEY_NSHealthUpdateUsageDescription = "My Heart Counts uses the step count to demonstrate Spezi's integration with HealthKit.";
				INFOPLIST_KEY_NSLocationAlwaysAndWhenInUseUsageDescription = "This message should never appear. Please adjust this when you start using location information. We have to put this in here as ResearchKit has the possibility to use it and not putting it here returns an error on AppStore Connect.";
				INFOPLIST_KEY_NSLocationWhenInUseUsageDescription = "This message should never appear. Please adjust this when you start using location information. We have to put this in here as ResearchKit has the possibility to use it and not putting it here returns an error on AppStore Connect.";
				INFOPLIST_KEY_NSMicrophoneUsageDescription = "This message should never appear. Please adjust this when you start using microphone information. We have to put this in here as ResearchKit has the possibility to use it and not putting it here returns an error on AppStore Connect.";
				INFOPLIST_KEY_NSMotionUsageDescription = "This message should never appear. Please adjust this when you start using motion information. We have to put this in here as ResearchKit has the possibility to use it and not putting it here returns an error on AppStore Connect.";
				INFOPLIST_KEY_NSSpeechRecognitionUsageDescription = "This message should never appear. Please adjust this when you start using speecg information. We have to put this in here as ResearchKit has the possibility to use it and not putting it here returns an error on AppStore Connect.";
				INFOPLIST_KEY_UIApplicationSupportsIndirectInputEvents = YES;
				INFOPLIST_KEY_UILaunchScreen_Generation = YES;
				INFOPLIST_KEY_UISupportedInterfaceOrientations = UIInterfaceOrientationPortrait;
				INFOPLIST_KEY_UISupportedInterfaceOrientations_iPad = "UIInterfaceOrientationLandscapeLeft UIInterfaceOrientationLandscapeRight UIInterfaceOrientationPortrait UIInterfaceOrientationPortraitUpsideDown";
				IPHONEOS_DEPLOYMENT_TARGET = 18.0;
				LD_RUNPATH_SEARCH_PATHS = (
					"$(inherited)",
					"@executable_path/Frameworks",
				);
				MARKETING_VERSION = 1.0;
				PRODUCT_BUNDLE_IDENTIFIER = de.lukaskollmer.edu.stanford.BDHG.MyHeartCounts;
				PRODUCT_NAME = "$(TARGET_NAME)";
				PROVISIONING_PROFILE_SPECIFIER = "";
				SUPPORTED_PLATFORMS = "iphoneos iphonesimulator";
				SUPPORTS_MACCATALYST = NO;
				SUPPORTS_MAC_DESIGNED_FOR_IPHONE_IPAD = NO;
				"SWIFT_ELicenseRef-MyHeartCounts_LOC_STRINGS" = YES;
				SWIFT_EMIT_LOC_STRINGS = YES;
				SWIFT_UPCOMING_FEATURE_EXISTENTIAL_ANY = YES;
				TARGETED_DEVICE_FAMILY = "1,2";
			};
			name = Debug;
		};
		653A257328338800005D4D48 /* Release */ = {
			isa = XCBuildConfiguration;
			buildSettings = {
				ASSETCATALOG_COMPILER_APPICON_NAME = AppIcon;
				ASSETCATALOG_COMPILER_GLOBAL_ACCENT_COLOR_NAME = AccentColor;
				CODE_SIGN_ENTITLEMENTS = "MyHeartCounts/Supporting Files/MyHeartCounts.entitlements";
				CODE_SIGN_IDENTITY = "Apple Development";
				CODE_SIGN_STYLE = Manual;
				CURRENT_PROJECT_VERSION = 1;
				DEVELOPMENT_ASSET_PATHS = "";
				DEVELOPMENT_TEAM = "";
				ENABLE_PREVIEWS = YES;
				GENERATE_INFOPLIST_FILE = YES;
				INFOPLIST_FILE = "MyHeartCounts/Supporting Files/Info.plist";
				INFOPLIST_KEY_NSCameraUsageDescription = "This message should never appear. Please adjust this when you start using camera information. We have to put this in here as ResearchKit has the possibility to use it and not putting it here returns an error on AppStore Connect.";
				INFOPLIST_KEY_NSHealthShareUsageDescription = "My Heart Counts uses the step count to demonstrate Spezi's integration with HealthKit.";
				INFOPLIST_KEY_NSHealthUpdateUsageDescription = "My Heart Counts uses the step count to demonstrate Spezi's integration with HealthKit.";
				INFOPLIST_KEY_NSLocationAlwaysAndWhenInUseUsageDescription = "This message should never appear. Please adjust this when you start using location information. We have to put this in here as ResearchKit has the possibility to use it and not putting it here returns an error on AppStore Connect.";
				INFOPLIST_KEY_NSLocationWhenInUseUsageDescription = "This message should never appear. Please adjust this when you start using location information. We have to put this in here as ResearchKit has the possibility to use it and not putting it here returns an error on AppStore Connect.";
				INFOPLIST_KEY_NSMicrophoneUsageDescription = "This message should never appear. Please adjust this when you start using microphone information. We have to put this in here as ResearchKit has the possibility to use it and not putting it here returns an error on AppStore Connect.";
				INFOPLIST_KEY_NSMotionUsageDescription = "This message should never appear. Please adjust this when you start using motion information. We have to put this in here as ResearchKit has the possibility to use it and not putting it here returns an error on AppStore Connect.";
				INFOPLIST_KEY_NSSpeechRecognitionUsageDescription = "This message should never appear. Please adjust this when you start using speecg information. We have to put this in here as ResearchKit has the possibility to use it and not putting it here returns an error on AppStore Connect.";
				INFOPLIST_KEY_UIApplicationSupportsIndirectInputEvents = YES;
				INFOPLIST_KEY_UILaunchScreen_Generation = YES;
				INFOPLIST_KEY_UIMyHeartCountslicationSceneManifest_Generation = YES;
				INFOPLIST_KEY_UIMyHeartCountslicationSupportsIndirectInputEvents = YES;
				INFOPLIST_KEY_UISupportedInterfaceOrientations = UIInterfaceOrientationPortrait;
				INFOPLIST_KEY_UISupportedInterfaceOrientations_iPad = "UIInterfaceOrientationLandscapeLeft UIInterfaceOrientationLandscapeRight UIInterfaceOrientationPortrait UIInterfaceOrientationPortraitUpsideDown";
				IPHONEOS_DEPLOYMENT_TARGET = 18.0;
				LD_RUNPATH_SEARCH_PATHS = (
					"$(inherited)",
					"@executable_path/Frameworks",
				);
				MARKETING_VERSION = 1.0;
				PRODUCT_BUNDLE_IDENTIFIER = de.lukaskollmer.edu.stanford.BDHG.MyHeartCounts;
				PRODUCT_NAME = "$(TARGET_NAME)";
				PROVISIONING_PROFILE_SPECIFIER = "";
				SUPPORTED_PLATFORMS = "iphoneos iphonesimulator";
				SUPPORTS_MACCATALYST = NO;
				SUPPORTS_MAC_DESIGNED_FOR_IPHONE_IPAD = NO;
				"SWIFT_ELicenseRef-MyHeartCounts_LOC_STRINGS" = YES;
				SWIFT_EMIT_LOC_STRINGS = YES;
				SWIFT_UPCOMING_FEATURE_EXISTENTIAL_ANY = YES;
				TARGETED_DEVICE_FAMILY = "1,2";
			};
			name = Release;
		};
		653A257528338800005D4D48 /* Debug */ = {
			isa = XCBuildConfiguration;
			buildSettings = {
				BUNDLE_LOADER = "$(TEST_HOST)";
				CODE_SIGN_STYLE = Automatic;
				CURRENT_PROJECT_VERSION = 1;
				DEVELOPMENT_TEAM = 637867499T;
				GENERATE_INFOPLIST_FILE = YES;
				IPHONEOS_DEPLOYMENT_TARGET = 18.0;
				MARKETING_VERSION = 1.0;
				PRODUCT_BUNDLE_IDENTIFIER = edu.stanford.BDHG.MyHeartCounts.tests;
				PRODUCT_NAME = "$(TARGET_NAME)";
				"SWIFT_ELicenseRef-MyHeartCountsn_LOC_STRINGS" = NO;
				TARGETED_DEVICE_FAMILY = "1,2";
				TEST_HOST = "$(BUILT_PRODUCTS_DIR)/MyHeartCounts.app/MyHeartCounts";
			};
			name = Debug;
		};
		653A257628338800005D4D48 /* Release */ = {
			isa = XCBuildConfiguration;
			buildSettings = {
				BUNDLE_LOADER = "$(TEST_HOST)";
				CODE_SIGN_STYLE = Automatic;
				CURRENT_PROJECT_VERSION = 1;
				DEVELOPMENT_TEAM = 637867499T;
				GENERATE_INFOPLIST_FILE = YES;
				IPHONEOS_DEPLOYMENT_TARGET = 18.0;
				MARKETING_VERSION = 1.0;
				PRODUCT_BUNDLE_IDENTIFIER = edu.stanford.BDHG.MyHeartCounts.tests;
				PRODUCT_NAME = "$(TARGET_NAME)";
				"SWIFT_ELicenseRef-MyHeartCounts_LOC_STRINGS" = NO;
				TARGETED_DEVICE_FAMILY = "1,2";
				TEST_HOST = "$(BUILT_PRODUCTS_DIR)/MyHeartCounts.app/MyHeartCounts";
			};
			name = Release;
		};
		653A257828338800005D4D48 /* Debug */ = {
			isa = XCBuildConfiguration;
			buildSettings = {
				CODE_SIGN_STYLE = Automatic;
				CURRENT_PROJECT_VERSION = 1;
				DEVELOPMENT_TEAM = 637867499T;
				GENERATE_INFOPLIST_FILE = YES;
				IPHONEOS_DEPLOYMENT_TARGET = 18.0;
				MARKETING_VERSION = 1.0;
				PRODUCT_BUNDLE_IDENTIFIER = edu.stanford.BDHG.MyHeartCountsuitests;
				PRODUCT_NAME = "$(TARGET_NAME)";
				"SWIFT_ELicenseRef-MyHeartCounts_LOC_STRINGS" = NO;
				TARGETED_DEVICE_FAMILY = "1,2";
				TEST_TARGET_NAME = MyHeartCounts;
			};
			name = Debug;
		};
		653A257928338800005D4D48 /* Release */ = {
			isa = XCBuildConfiguration;
			buildSettings = {
				CODE_SIGN_STYLE = Automatic;
				CURRENT_PROJECT_VERSION = 1;
				DEVELOPMENT_TEAM = 637867499T;
				GENERATE_INFOPLIST_FILE = YES;
				IPHONEOS_DEPLOYMENT_TARGET = 18.0;
				MARKETING_VERSION = 1.0;
				PRODUCT_BUNDLE_IDENTIFIER = edu.stanford.BDHG.MyHeartCountsuitests;
				PRODUCT_NAME = "$(TARGET_NAME)";
				"SWIFT_ELicenseRef-MyHeartCounts_LOC_STRINGS" = NO;
				TARGETED_DEVICE_FAMILY = "1,2";
				TEST_TARGET_NAME = MyHeartCounts;
			};
			name = Release;
		};
/* End XCBuildConfiguration section */

/* Begin XCConfigurationList section */
		653A2548283387FE005D4D48 /* Build configuration list for PBXProject "MyHeartCounts" */ = {
			isa = XCConfigurationList;
			buildConfigurations = (
				653A256F28338800005D4D48 /* Debug */,
				2FEE10302998C89C000822E1 /* Test */,
				653A257028338800005D4D48 /* Release */,
			);
			defaultConfigurationIsVisible = 0;
			defaultConfigurationName = Release;
		};
		653A257128338800005D4D48 /* Build configuration list for PBXNativeTarget "MyHeartCounts" */ = {
			isa = XCConfigurationList;
			buildConfigurations = (
				653A257228338800005D4D48 /* Debug */,
				2FEE10312998C89C000822E1 /* Test */,
				653A257328338800005D4D48 /* Release */,
			);
			defaultConfigurationIsVisible = 0;
			defaultConfigurationName = Release;
		};
		653A257428338800005D4D48 /* Build configuration list for PBXNativeTarget "MyHeartCountsTests" */ = {
			isa = XCConfigurationList;
			buildConfigurations = (
				653A257528338800005D4D48 /* Debug */,
				2FEE10322998C89C000822E1 /* Test */,
				653A257628338800005D4D48 /* Release */,
			);
			defaultConfigurationIsVisible = 0;
			defaultConfigurationName = Release;
		};
		653A257728338800005D4D48 /* Build configuration list for PBXNativeTarget "MyHeartCountsUITests" */ = {
			isa = XCConfigurationList;
			buildConfigurations = (
				653A257828338800005D4D48 /* Debug */,
				2FEE10332998C89C000822E1 /* Test */,
				653A257928338800005D4D48 /* Release */,
			);
			defaultConfigurationIsVisible = 0;
			defaultConfigurationName = Release;
		};
/* End XCConfigurationList section */

/* Begin XCRemoteSwiftPackageReference section */
		2F49B7742980407B00BCB272 /* XCRemoteSwiftPackageReference "Spezi" */ = {
			isa = XCRemoteSwiftPackageReference;
			repositoryURL = "https://github.com/StanfordSpezi/Spezi.git";
			requirement = {
				kind = upToNextMajorVersion;
				minimumVersion = 1.8.0;
			};
		};
		2F66D20D2BB723180010D555 /* XCRemoteSwiftPackageReference "SwiftLint" */ = {
			isa = XCRemoteSwiftPackageReference;
			repositoryURL = "https://github.com/realm/SwiftLint.git";
			requirement = {
				kind = upToNextMajorVersion;
				minimumVersion = 0.58.2;
			};
		};
		2FB099B42A875E2B00B20952 /* XCRemoteSwiftPackageReference "HealthKitOnFHIR" */ = {
			isa = XCRemoteSwiftPackageReference;
			repositoryURL = "https://github.com/StanfordBDHG/HealthKitOnFHIR.git";
			requirement = {
				kind = upToNextMinorVersion;
				minimumVersion = 0.2.13;
			};
		};
		2FE5DC6229EDD883004B9AB4 /* XCRemoteSwiftPackageReference "SpeziAccount" */ = {
			isa = XCRemoteSwiftPackageReference;
			repositoryURL = "https://github.com/StanfordSpezi/SpeziAccount.git";
			requirement = {
				kind = upToNextMajorVersion;
				minimumVersion = 2.1.3;
			};
		};
		2FE5DC6529EDD894004B9AB4 /* XCRemoteSwiftPackageReference "SpeziContact" */ = {
			isa = XCRemoteSwiftPackageReference;
			repositoryURL = "https://github.com/StanfordSpezi/SpeziContact.git";
			requirement = {
				kind = upToNextMajorVersion;
				minimumVersion = 1.0.2;
			};
		};
		2FE5DC7329EDD8E6004B9AB4 /* XCRemoteSwiftPackageReference "SpeziFirebase" */ = {
			isa = XCRemoteSwiftPackageReference;
			repositoryURL = "https://github.com/StanfordSpezi/SpeziFirebase.git";
			requirement = {
				kind = upToNextMajorVersion;
				minimumVersion = 2.0.3;
			};
		};
		2FE5DC8229EDD934004B9AB4 /* XCRemoteSwiftPackageReference "SpeziQuestionnaire" */ = {
			isa = XCRemoteSwiftPackageReference;
			repositoryURL = "https://github.com/StanfordSpezi/SpeziQuestionnaire.git";
			requirement = {
				kind = upToNextMajorVersion;
				minimumVersion = 1.2.3;
			};
		};
		2FE5DC8829EDD972004B9AB4 /* XCRemoteSwiftPackageReference "SpeziStorage" */ = {
			isa = XCRemoteSwiftPackageReference;
			repositoryURL = "https://github.com/StanfordSpezi/SpeziStorage.git";
			requirement = {
				kind = upToNextMajorVersion;
				minimumVersion = 2.1.0;
			};
		};
		2FE5DC8D29EDD980004B9AB4 /* XCRemoteSwiftPackageReference "SpeziViews" */ = {
			isa = XCRemoteSwiftPackageReference;
			repositoryURL = "https://github.com/StanfordSpezi/SpeziViews.git";
			requirement = {
				kind = upToNextMajorVersion;
				minimumVersion = 1.9.0;
			};
		};
		2FE5DC9029EDD9C3004B9AB4 /* XCRemoteSwiftPackageReference "firebase-ios-sdk" */ = {
			isa = XCRemoteSwiftPackageReference;
			repositoryURL = "https://github.com/firebase/firebase-ios-sdk.git";
			requirement = {
				kind = upToNextMajorVersion;
				minimumVersion = 11.0.0;
			};
		};
		2FE5DC9729EDD9D9004B9AB4 /* XCRemoteSwiftPackageReference "XCTestExtensions" */ = {
			isa = XCRemoteSwiftPackageReference;
			repositoryURL = "https://github.com/StanfordBDHG/XCTestExtensions.git";
			requirement = {
				kind = upToNextMajorVersion;
				minimumVersion = 1.2.1;
			};
		};
		2FE5DC9A29EDD9EF004B9AB4 /* XCRemoteSwiftPackageReference "XCTHealthKit" */ = {
			isa = XCRemoteSwiftPackageReference;
			repositoryURL = "https://github.com/StanfordBDHG/XCTHealthKit.git";
			requirement = {
				kind = upToNextMinorVersion;
				minimumVersion = 1.1.1;
			};
		};
		5661551B2AB8384200209B80 /* XCRemoteSwiftPackageReference "swift-package-list" */ = {
			isa = XCRemoteSwiftPackageReference;
			repositoryURL = "https://github.com/FelixHerrmann/swift-package-list";
			requirement = {
				kind = upToNextMajorVersion;
				minimumVersion = 4.5.0;
			};
		};
		56E708332BB06B7100B08F0A /* XCRemoteSwiftPackageReference "SpeziLicense" */ = {
			isa = XCRemoteSwiftPackageReference;
			repositoryURL = "https://github.com/StanfordSpezi/SpeziLicense.git";
			requirement = {
				kind = upToNextMinorVersion;
				minimumVersion = 0.1.1;
			};
		};
		803241DE2D7B599300F7DE8B /* XCRemoteSwiftPackageReference "SpeziScheduler" */ = {
			isa = XCRemoteSwiftPackageReference;
			repositoryURL = "https://github.com/StanfordSpezi/SpeziScheduler.git";
			requirement = {
				kind = upToNextMajorVersion;
				minimumVersion = 1.2.1;
			};
		};
		803241E82D7B5D5600F7DE8B /* XCRemoteSwiftPackageReference "SpeziHealthKit" */ = {
			isa = XCRemoteSwiftPackageReference;
			repositoryURL = "https://github.com/StanfordSpezi/SpeziHealthKit.git";
			requirement = {
				branch = "lukas/mhc-changes";
				kind = branch;
			};
		};
		8055F2132D7B5F7900CD7884 /* XCRemoteSwiftPackageReference "SpeziOnboarding" */ = {
			isa = XCRemoteSwiftPackageReference;
			repositoryURL = "https://github.com/StanfordSpezi/SpeziOnboarding.git";
			requirement = {
				branch = "lukas/mhc-changes";
				kind = branch;
			};
		};
		806A166B2D7B5F2F0085452E /* XCRemoteSwiftPackageReference "SpeziStudy" */ = {
			isa = XCRemoteSwiftPackageReference;
			repositoryURL = "https://github.com/StanfordSpezi/SpeziStudy.git";
			requirement = {
				branch = lukas/exploration;
				kind = branch;
			};
		};
		8076696C2D772C07001B980B /* XCRemoteSwiftPackageReference "swift-algorithms" */ = {
			isa = XCRemoteSwiftPackageReference;
			repositoryURL = "https://github.com/apple/swift-algorithms.git";
			requirement = {
				kind = upToNextMajorVersion;
				minimumVersion = 1.2.1;
			};
		};
		8076696F2D772C40001B980B /* XCRemoteSwiftPackageReference "swift-collections" */ = {
			isa = XCRemoteSwiftPackageReference;
			repositoryURL = "https://github.com/apple/swift-collections.git";
			requirement = {
				kind = upToNextMajorVersion;
				minimumVersion = 1.1.4;
			};
		};
		8086001B2D75133B0044A054 /* XCRemoteSwiftPackageReference "SFSafeSymbols" */ = {
			isa = XCRemoteSwiftPackageReference;
			repositoryURL = "https://github.com/SFSafeSymbols/SFSafeSymbols";
			requirement = {
				kind = upToNextMajorVersion;
				minimumVersion = 6.2.0;
			};
		};
		A945FCD32C9C6BFA00B9EBC7 /* XCRemoteSwiftPackageReference "ResearchKitOnFHIR" */ = {
			isa = XCRemoteSwiftPackageReference;
			repositoryURL = "https://github.com/StanfordBDHG/ResearchKitOnFHIR.git";
			requirement = {
				kind = upToNextMajorVersion;
				minimumVersion = 2.0.3;
			};
		};
		A94DDFFB2CBD1190004930BD /* XCRemoteSwiftPackageReference "SpeziNotifications" */ = {
			isa = XCRemoteSwiftPackageReference;
			repositoryURL = "https://github.com/StanfordSpezi/SpeziNotifications.git";
			requirement = {
				kind = upToNextMajorVersion;
				minimumVersion = 1.0.3;
			};
		};
/* End XCRemoteSwiftPackageReference section */

/* Begin XCSwiftPackageProductDependency section */
		2F49B7752980407B00BCB272 /* Spezi */ = {
			isa = XCSwiftPackageProductDependency;
			package = 2F49B7742980407B00BCB272 /* XCRemoteSwiftPackageReference "Spezi" */;
			productName = Spezi;
		};
		2FB099AE2A875DF100B20952 /* FirebaseAuth */ = {
			isa = XCSwiftPackageProductDependency;
			package = 2FE5DC9029EDD9C3004B9AB4 /* XCRemoteSwiftPackageReference "firebase-ios-sdk" */;
			productName = FirebaseAuth;
		};
		2FB099B02A875DF100B20952 /* FirebaseFirestore */ = {
			isa = XCSwiftPackageProductDependency;
			package = 2FE5DC9029EDD9C3004B9AB4 /* XCRemoteSwiftPackageReference "firebase-ios-sdk" */;
			productName = FirebaseFirestore;
		};
		2FB099B52A875E2B00B20952 /* HealthKitOnFHIR */ = {
			isa = XCSwiftPackageProductDependency;
			package = 2FB099B42A875E2B00B20952 /* XCRemoteSwiftPackageReference "HealthKitOnFHIR" */;
			productName = HealthKitOnFHIR;
		};
		2FBD738B2A3BD150004228E7 /* SpeziScheduler */ = {
			isa = XCSwiftPackageProductDependency;
			productName = SpeziScheduler;
		};
		2FE5DC6329EDD883004B9AB4 /* SpeziAccount */ = {
			isa = XCSwiftPackageProductDependency;
			package = 2FE5DC6229EDD883004B9AB4 /* XCRemoteSwiftPackageReference "SpeziAccount" */;
			productName = SpeziAccount;
		};
		2FE5DC6629EDD894004B9AB4 /* SpeziContact */ = {
			isa = XCSwiftPackageProductDependency;
			package = 2FE5DC6529EDD894004B9AB4 /* XCRemoteSwiftPackageReference "SpeziContact" */;
			productName = SpeziContact;
		};
		2FE5DC7429EDD8E6004B9AB4 /* SpeziFirebaseAccount */ = {
			isa = XCSwiftPackageProductDependency;
			package = 2FE5DC7329EDD8E6004B9AB4 /* XCRemoteSwiftPackageReference "SpeziFirebase" */;
			productName = SpeziFirebaseAccount;
		};
		2FE5DC7629EDD8E6004B9AB4 /* SpeziFirebaseConfiguration */ = {
			isa = XCSwiftPackageProductDependency;
			package = 2FE5DC7329EDD8E6004B9AB4 /* XCRemoteSwiftPackageReference "SpeziFirebase" */;
			productName = SpeziFirebaseConfiguration;
		};
		2FE5DC7829EDD8E6004B9AB4 /* SpeziFirestore */ = {
			isa = XCSwiftPackageProductDependency;
			package = 2FE5DC7329EDD8E6004B9AB4 /* XCRemoteSwiftPackageReference "SpeziFirebase" */;
			productName = SpeziFirestore;
		};
		2FE5DC8329EDD934004B9AB4 /* SpeziQuestionnaire */ = {
			isa = XCSwiftPackageProductDependency;
			package = 2FE5DC8229EDD934004B9AB4 /* XCRemoteSwiftPackageReference "SpeziQuestionnaire" */;
			productName = SpeziQuestionnaire;
		};
		2FE5DC8929EDD972004B9AB4 /* SpeziLocalStorage */ = {
			isa = XCSwiftPackageProductDependency;
			package = 2FE5DC8829EDD972004B9AB4 /* XCRemoteSwiftPackageReference "SpeziStorage" */;
			productName = SpeziLocalStorage;
		};
		2FE5DC8E29EDD980004B9AB4 /* SpeziViews */ = {
			isa = XCSwiftPackageProductDependency;
			package = 2FE5DC8D29EDD980004B9AB4 /* XCRemoteSwiftPackageReference "SpeziViews" */;
			productName = SpeziViews;
		};
		2FE5DC9829EDD9D9004B9AB4 /* XCTestExtensions */ = {
			isa = XCSwiftPackageProductDependency;
			package = 2FE5DC9729EDD9D9004B9AB4 /* XCRemoteSwiftPackageReference "XCTestExtensions" */;
			productName = XCTestExtensions;
		};
		2FE5DC9B29EDD9EF004B9AB4 /* XCTHealthKit */ = {
			isa = XCSwiftPackageProductDependency;
			package = 2FE5DC9A29EDD9EF004B9AB4 /* XCRemoteSwiftPackageReference "XCTHealthKit" */;
			productName = XCTHealthKit;
		};
		56E708342BB06B7100B08F0A /* SpeziLicense */ = {
			isa = XCSwiftPackageProductDependency;
			package = 56E708332BB06B7100B08F0A /* XCRemoteSwiftPackageReference "SpeziLicense" */;
			productName = SpeziLicense;
		};
		56E7083A2BB06F6F00B08F0A /* SwiftPackageList */ = {
			isa = XCSwiftPackageProductDependency;
			package = 5661551B2AB8384200209B80 /* XCRemoteSwiftPackageReference "swift-package-list" */;
			productName = SwiftPackageList;
		};
		56E7083C2BB06FCA00B08F0A /* SwiftPackageListPlugin */ = {
			isa = XCSwiftPackageProductDependency;
			package = 5661551B2AB8384200209B80 /* XCRemoteSwiftPackageReference "swift-package-list" */;
			productName = "plugin:SwiftPackageListPlugin";
		};
		8004CE402D75BCAA00CC3008 /* SpeziOnboarding */ = {
			isa = XCSwiftPackageProductDependency;
			productName = SpeziOnboarding;
		};
		8004CE432D75BCBE00CC3008 /* SpeziStudy */ = {
			isa = XCSwiftPackageProductDependency;
			productName = SpeziStudy;
		};
		80270CFA2D67F68F0022251E /* SpeziStudy */ = {
			isa = XCSwiftPackageProductDependency;
			productName = SpeziStudy;
		};
		803166A22D75DE6100E9173B /* SpeziOnboarding */ = {
			isa = XCSwiftPackageProductDependency;
			productName = SpeziOnboarding;
		};
		803166A52D75DE7700E9173B /* SpeziScheduler */ = {
			isa = XCSwiftPackageProductDependency;
			productName = SpeziScheduler;
		};
		803166A72D75DE7700E9173B /* SpeziSchedulerUI */ = {
			isa = XCSwiftPackageProductDependency;
			productName = SpeziSchedulerUI;
		};
		803166AA2D75DE8B00E9173B /* SpeziStudy */ = {
			isa = XCSwiftPackageProductDependency;
			productName = SpeziStudy;
		};
		803166B62D75E22E00E9173B /* SpeziHealthKit */ = {
			isa = XCSwiftPackageProductDependency;
			productName = SpeziHealthKit;
		};
		803166B82D75E22E00E9173B /* SpeziHealthKitUI */ = {
			isa = XCSwiftPackageProductDependency;
			productName = SpeziHealthKitUI;
		};
		803241DF2D7B599300F7DE8B /* SpeziScheduler */ = {
			isa = XCSwiftPackageProductDependency;
			package = 803241DE2D7B599300F7DE8B /* XCRemoteSwiftPackageReference "SpeziScheduler" */;
			productName = SpeziScheduler;
		};
		803241E12D7B599300F7DE8B /* SpeziSchedulerUI */ = {
			isa = XCSwiftPackageProductDependency;
			package = 803241DE2D7B599300F7DE8B /* XCRemoteSwiftPackageReference "SpeziScheduler" */;
			productName = SpeziSchedulerUI;
		};
		803241E92D7B5D5600F7DE8B /* SpeziHealthKit */ = {
			isa = XCSwiftPackageProductDependency;
			package = 803241E82D7B5D5600F7DE8B /* XCRemoteSwiftPackageReference "SpeziHealthKit" */;
			productName = SpeziHealthKit;
		};
		803241EB2D7B5D5600F7DE8B /* SpeziHealthKitUI */ = {
			isa = XCSwiftPackageProductDependency;
			package = 803241E82D7B5D5600F7DE8B /* XCRemoteSwiftPackageReference "SpeziHealthKit" */;
			productName = SpeziHealthKitUI;
		};
		803EAC1A2D67AB5300DA6E62 /* SpeziHealthKit */ = {
			isa = XCSwiftPackageProductDependency;
			productName = SpeziHealthKit;
		};
		803EAC1C2D67AB5300DA6E62 /* SpeziHealthKitUI */ = {
			isa = XCSwiftPackageProductDependency;
			productName = SpeziHealthKitUI;
		};
		8055F2142D7B5F7900CD7884 /* SpeziOnboarding */ = {
			isa = XCSwiftPackageProductDependency;
			package = 8055F2132D7B5F7900CD7884 /* XCRemoteSwiftPackageReference "SpeziOnboarding" */;
			productName = SpeziOnboarding;
		};
		806A166C2D7B5F2F0085452E /* SpeziStudy */ = {
			isa = XCSwiftPackageProductDependency;
			package = 806A166B2D7B5F2F0085452E /* XCRemoteSwiftPackageReference "SpeziStudy" */;
			productName = SpeziStudy;
		};
		8076696D2D772C07001B980B /* Algorithms */ = {
			isa = XCSwiftPackageProductDependency;
			package = 8076696C2D772C07001B980B /* XCRemoteSwiftPackageReference "swift-algorithms" */;
			productName = Algorithms;
		};
		807669702D772C40001B980B /* BitCollections */ = {
			isa = XCSwiftPackageProductDependency;
			package = 8076696F2D772C40001B980B /* XCRemoteSwiftPackageReference "swift-collections" */;
			productName = BitCollections;
		};
		807669722D772C40001B980B /* Collections */ = {
			isa = XCSwiftPackageProductDependency;
			package = 8076696F2D772C40001B980B /* XCRemoteSwiftPackageReference "swift-collections" */;
			productName = Collections;
		};
		807669742D772C40001B980B /* DequeModule */ = {
			isa = XCSwiftPackageProductDependency;
			package = 8076696F2D772C40001B980B /* XCRemoteSwiftPackageReference "swift-collections" */;
			productName = DequeModule;
		};
		807669762D772C40001B980B /* HashTreeCollections */ = {
			isa = XCSwiftPackageProductDependency;
			package = 8076696F2D772C40001B980B /* XCRemoteSwiftPackageReference "swift-collections" */;
			productName = HashTreeCollections;
		};
		807669782D772C40001B980B /* HeapModule */ = {
			isa = XCSwiftPackageProductDependency;
			package = 8076696F2D772C40001B980B /* XCRemoteSwiftPackageReference "swift-collections" */;
			productName = HeapModule;
		};
		8086001C2D75133B0044A054 /* SFSafeSymbols */ = {
			isa = XCSwiftPackageProductDependency;
			package = 8086001B2D75133B0044A054 /* XCRemoteSwiftPackageReference "SFSafeSymbols" */;
			productName = SFSafeSymbols;
		};
		80C7B86B2D67D76B0016BCAF /* SpeziOnboarding */ = {
			isa = XCSwiftPackageProductDependency;
			productName = SpeziOnboarding;
		};
		80D612EF2D67A5D200FAE750 /* SpeziKeychainStorage */ = {
			isa = XCSwiftPackageProductDependency;
			package = 2FE5DC8829EDD972004B9AB4 /* XCRemoteSwiftPackageReference "SpeziStorage" */;
			productName = SpeziKeychainStorage;
		};
		9739A0C52AD7B5730084BEA5 /* FirebaseStorage */ = {
			isa = XCSwiftPackageProductDependency;
			package = 2FE5DC9029EDD9C3004B9AB4 /* XCRemoteSwiftPackageReference "firebase-ios-sdk" */;
			productName = FirebaseStorage;
		};
		97D73D692AD860AD00B47FA0 /* SpeziFirebaseStorage */ = {
			isa = XCSwiftPackageProductDependency;
			package = 2FE5DC7329EDD8E6004B9AB4 /* XCRemoteSwiftPackageReference "SpeziFirebase" */;
			productName = SpeziFirebaseStorage;
		};
		A94DDFFC2CBD1190004930BD /* SpeziNotifications */ = {
			isa = XCSwiftPackageProductDependency;
			package = A94DDFFB2CBD1190004930BD /* XCRemoteSwiftPackageReference "SpeziNotifications" */;
			productName = SpeziNotifications;
		};
		A994264D2CD25EB3002F8BD5 /* XCTSpeziAccount */ = {
			isa = XCSwiftPackageProductDependency;
			package = 2FE5DC6229EDD883004B9AB4 /* XCRemoteSwiftPackageReference "SpeziAccount" */;
			productName = XCTSpeziAccount;
		};
		A9947BF32CC142BD0068AA8A /* XCTSpeziNotifications */ = {
			isa = XCSwiftPackageProductDependency;
			package = A94DDFFB2CBD1190004930BD /* XCRemoteSwiftPackageReference "SpeziNotifications" */;
			productName = XCTSpeziNotifications;
		};
		A9D83F952B083794000D0C78 /* SpeziFirebaseAccountStorage */ = {
			isa = XCSwiftPackageProductDependency;
			package = 2FE5DC7329EDD8E6004B9AB4 /* XCRemoteSwiftPackageReference "SpeziFirebase" */;
			productName = SpeziFirebaseAccountStorage;
		};
		A9E1D3422C67A3F800CED217 /* SwiftLintBuildToolPlugin */ = {
			isa = XCSwiftPackageProductDependency;
			package = 2F66D20D2BB723180010D555 /* XCRemoteSwiftPackageReference "SwiftLint" */;
			productName = "plugin:SwiftLintBuildToolPlugin";
		};
		A9E1D3452C67B0A300CED217 /* SwiftLintBuildToolPlugin */ = {
			isa = XCSwiftPackageProductDependency;
			package = 2F66D20D2BB723180010D555 /* XCRemoteSwiftPackageReference "SwiftLint" */;
			productName = "plugin:SwiftLintBuildToolPlugin";
		};
		A9E1D3472C67B0A700CED217 /* SwiftLintBuildToolPlugin */ = {
			isa = XCSwiftPackageProductDependency;
			package = 2F66D20D2BB723180010D555 /* XCRemoteSwiftPackageReference "SwiftLint" */;
			productName = "plugin:SwiftLintBuildToolPlugin";
		};
/* End XCSwiftPackageProductDependency section */
	};
	rootObject = 653A2545283387FE005D4D48 /* Project object */;
}
