<?xml version="1.0" encoding="UTF-8"?>
<Scheme
   LastUpgradeVersion = "2600"
   version = "1.7">
   <BuildAction
      parallelizeBuildables = "YES"
      buildImplicitDependencies = "YES">
      <BuildActionEntries>
         <BuildActionEntry
            buildForTesting = "YES"
            buildForRunning = "YES"
            buildForProfiling = "YES"
            buildForArchiving = "YES"
            buildForAnalyzing = "YES">
            <BuildableReference
               BuildableIdentifier = "primary"
               BlueprintIdentifier = "653A254C283387FE005D4D48"
               BuildableName = "MyHeartCounts.app"
               BlueprintName = "MyHeartCounts"
               ReferencedContainer = "container:MyHeartCounts.xcodeproj">
            </BuildableReference>
         </BuildActionEntry>
      </BuildActionEntries>
   </BuildAction>
   <TestAction
      buildConfiguration = "Debug"
      selectedDebuggerIdentifier = "Xcode.DebuggerFoundation.Debugger.LLDB"
      selectedLauncherIdentifier = "Xcode.DebuggerFoundation.Launcher.LLDB"
      shouldUseLaunchSchemeArgsEnv = "YES">
      <TestPlans>
         <TestPlanReference
            reference = "container:MyHeartCounts UI Tests.xctestplan"
            default = "YES">
         </TestPlanReference>
         <TestPlanReference
            reference = "container:MyHeartCounts Unit Tests.xctestplan">
         </TestPlanReference>
         <TestPlanReference
            reference = "container:MyHeartCounts Screenshots.xctestplan">
         </TestPlanReference>
      </TestPlans>
      <Testables>
         <TestableReference
            skipped = "NO">
            <BuildableReference
               BuildableIdentifier = "primary"
               BlueprintIdentifier = "653A255C28338800005D4D48"
               BuildableName = "MyHeartCountsTests.xctest"
               BlueprintName = "MyHeartCountsTests"
               ReferencedContainer = "container:MyHeartCounts.xcodeproj">
            </BuildableReference>
         </TestableReference>
         <TestableReference
            skipped = "NO">
            <BuildableReference
               BuildableIdentifier = "primary"
               BlueprintIdentifier = "653A256628338800005D4D48"
               BuildableName = "MyHeartCountsUITests.xctest"
               BlueprintName = "MyHeartCountsUITests"
               ReferencedContainer = "container:MyHeartCounts.xcodeproj">
            </BuildableReference>
         </TestableReference>
      </Testables>
   </TestAction>
   <LaunchAction
      buildConfiguration = "Debug"
      selectedDebuggerIdentifier = "Xcode.DebuggerFoundation.Debugger.LLDB"
      selectedLauncherIdentifier = "Xcode.DebuggerFoundation.Launcher.LLDB"
      language = "en"
      region = "US"
      launchStyle = "0"
      useCustomWorkingDirectory = "NO"
      ignoresPersistentStateOnLaunch = "NO"
      debugDocumentVersioning = "YES"
      debugServiceExtension = "internal"
      allowLocationSimulation = "YES">
      <BuildableProductRunnable
         runnableDebuggingMode = "0">
         <BuildableReference
            BuildableIdentifier = "primary"
            BlueprintIdentifier = "653A254C283387FE005D4D48"
            BuildableName = "MyHeartCounts.app"
            BlueprintName = "MyHeartCounts"
            ReferencedContainer = "container:MyHeartCounts.xcodeproj">
         </BuildableReference>
      </BuildableProductRunnable>
      <CommandLineArguments>
         <CommandLineArgument
            argument = "--disableFirebase"
            isEnabled = "NO">
         </CommandLineArgument>
         <CommandLineArgument
            argument = "--disableAutomaticBulkHealthExport"
            isEnabled = "YES">
         </CommandLineArgument>
         <CommandLineArgument
            argument = "--disableSensorKitUpload"
            isEnabled = "YES">
         </CommandLineArgument>
         <CommandLineArgument
            argument = "--setupTestEnvironment reset"
            isEnabled = "NO">
         </CommandLineArgument>
         <CommandLineArgument
            argument = "--setupTestEnvironment reset login-and-enroll"
            isEnabled = "YES">
         </CommandLineArgument>
         <CommandLineArgument
            argument = "--forceEnableDebugMode"
            isEnabled = "YES">
         </CommandLineArgument>
         <CommandLineArgument
            argument = "--useFirebaseEmulator"
            isEnabled = "YES">
         </CommandLineArgument>
         <CommandLineArgument
            argument = "--overrideFirebaseConfig plist=/Users/lukas/Desktop/MHC.plist"
            isEnabled = "NO">
         </CommandLineArgument>
         <CommandLineArgument
            argument = "--overrideFirebaseConfig plist=GoogleService-Info-Override"
            isEnabled = "NO">
         </CommandLineArgument>
         <CommandLineArgument
            argument = "--overrideStudyBundleLocation &apos;/Users/lukas/Desktop/MHC StudyDefs/mhcStudyBundle.spezistudybundle.aar&apos;"
            isEnabled = "YES">
         </CommandLineArgument>
         <CommandLineArgument
            argument = "--dashboardConsiderAllSleepData"
            isEnabled = "YES">
         </CommandLineArgument>
      </CommandLineArguments>
      <EnvironmentVariables>
         <EnvironmentVariable
            key = "IDEPreferLogStreaming"
            value = "YES"
            isEnabled = "YES">
         </EnvironmentVariable>
         <EnvironmentVariable
            key = "IDELogRedirectionPolicy"
            value = "oslogToStdio"
            isEnabled = "NO">
         </EnvironmentVariable>
         <EnvironmentVariable
            key = "TZ"
            value = "America/Los_Angeles"
            isEnabled = "NO">
         </EnvironmentVariable>
      </EnvironmentVariables>
   </LaunchAction>
   <ProfileAction
      buildConfiguration = "Debug"
      shouldUseLaunchSchemeArgsEnv = "YES"
      savedToolIdentifier = ""
      useCustomWorkingDirectory = "NO"
      debugDocumentVersioning = "YES">
      <BuildableProductRunnable
         runnableDebuggingMode = "0">
         <BuildableReference
            BuildableIdentifier = "primary"
            BlueprintIdentifier = "653A254C283387FE005D4D48"
            BuildableName = "MyHeartCounts.app"
            BlueprintName = "MyHeartCounts"
            ReferencedContainer = "container:MyHeartCounts.xcodeproj">
         </BuildableReference>
      </BuildableProductRunnable>
   </ProfileAction>
   <AnalyzeAction
      buildConfiguration = "Debug">
   </AnalyzeAction>
   <ArchiveAction
      buildConfiguration = "Release"
      revealArchiveInOrganizer = "YES">
   </ArchiveAction>
</Scheme>
